
Microsoft Visual Studio Solution File, Format Version 12.00
# Visual Studio Version 16
VisualStudioVersion = 16.0.30523.141
MinimumVisualStudioVersion = 10.0.40219.1
Project("{9A19103F-16F7-4668-BE54-9A1E7A4F7556}") = "Ssz.Xi.Client", "Ssz.Xi.Client\Ssz.Xi.Client.csproj", "{0B438229-C038-4EDA-800F-4EA92F48B9B1}"
EndProject
Project("{9A19103F-16F7-4668-BE54-9A1E7A4F7556}") = "Ssz.Utils", "Ssz.Utils\Ssz.Utils.csproj", "{0ADCF198-F0B0-4AF3-BC7D-1420291FE540}"
EndProject
Project("{9A19103F-16F7-4668-BE54-9A1E7A4F7556}") = "TestConsoleApp", "TestConsoleApp\TestConsoleApp.csproj", "{C57C1DB5-2F87-4672-A29F-B97048CE615D}"
EndProject
Project("{9A19103F-16F7-4668-BE54-9A1E7A4F7556}") = "TestWpfApp", "TestWpfApp\TestWpfApp.csproj", "{9C51D2F4-1FE6-4B59-B036-2199024F7F70}"
EndProject
Project("{2150E333-8FDC-42A3-9474-1A3956D46DE8}") = "Solution Items", "Solution Items", "{F1B8712C-6D2A-48C3-94DB-DA52207A4DDC}"
	ProjectSection(SolutionItems) = preProject
		.editorconfig = .editorconfig
	EndProjectSection
EndProject
Project("{9A19103F-16F7-4668-BE54-9A1E7A4F7556}") = "Ssz.Utils.Wpf", "Ssz.Utils.Wpf\Ssz.Utils.Wpf.csproj", "{E3D12E83-C32E-476E-85F5-567F1F79342C}"
EndProject
Project("{9A19103F-16F7-4668-BE54-9A1E7A4F7556}") = "Ssz.Xceed.Wpf.Toolkit", "Ssz.Xceed.Wpf.Toolkit\Ssz.Xceed.Wpf.Toolkit.csproj", "{6B424037-576D-4D43-8A2E-11F81058DDC4}"
EndProject
Project("{9A19103F-16F7-4668-BE54-9A1E7A4F7556}") = "Ssz.WindowsAPICodePack", "Ssz.WindowsAPICodePack\Ssz.WindowsAPICodePack.csproj", "{B8824661-A67C-465F-BEE3-6F7CE22F609C}"
EndProject
Global
	GlobalSection(SolutionConfigurationPlatforms) = preSolution
		Debug|Any CPU = Debug|Any CPU
		Release|Any CPU = Release|Any CPU
	EndGlobalSection
	GlobalSection(ProjectConfigurationPlatforms) = postSolution
		{0B438229-C038-4EDA-800F-4EA92F48B9B1}.Debug|Any CPU.ActiveCfg = Debug|Any CPU
		{0B438229-C038-4EDA-800F-4EA92F48B9B1}.Debug|Any CPU.Build.0 = Debug|Any CPU
		{0B438229-C038-4EDA-800F-4EA92F48B9B1}.Release|Any CPU.ActiveCfg = Release|Any CPU
		{0B438229-C038-4EDA-800F-4EA92F48B9B1}.Release|Any CPU.Build.0 = Release|Any CPU
		{0ADCF198-F0B0-4AF3-BC7D-1420291FE540}.Debug|Any CPU.ActiveCfg = Debug|Any CPU
		{0ADCF198-F0B0-4AF3-BC7D-1420291FE540}.Debug|Any CPU.Build.0 = Debug|Any CPU
		{0ADCF198-F0B0-4AF3-BC7D-1420291FE540}.Release|Any CPU.ActiveCfg = Release|Any CPU
		{0ADCF198-F0B0-4AF3-BC7D-1420291FE540}.Release|Any CPU.Build.0 = Release|Any CPU
		{C57C1DB5-2F87-4672-A29F-B97048CE615D}.Debug|Any CPU.ActiveCfg = Debug|Any CPU
		{C57C1DB5-2F87-4672-A29F-B97048CE615D}.Debug|Any CPU.Build.0 = Debug|Any CPU
		{C57C1DB5-2F87-4672-A29F-B97048CE615D}.Release|Any CPU.ActiveCfg = Release|Any CPU
		{C57C1DB5-2F87-4672-A29F-B97048CE615D}.Release|Any CPU.Build.0 = Release|Any CPU
		{9C51D2F4-1FE6-4B59-B036-2199024F7F70}.Debug|Any CPU.ActiveCfg = Debug|Any CPU
		{9C51D2F4-1FE6-4B59-B036-2199024F7F70}.Debug|Any CPU.Build.0 = Debug|Any CPU
		{9C51D2F4-1FE6-4B59-B036-2199024F7F70}.Release|Any CPU.ActiveCfg = Release|Any CPU
		{9C51D2F4-1FE6-4B59-B036-2199024F7F70}.Release|Any CPU.Build.0 = Release|Any CPU
		{E3D12E83-C32E-476E-85F5-567F1F79342C}.Debug|Any CPU.ActiveCfg = Debug|Any CPU
		{E3D12E83-C32E-476E-85F5-567F1F79342C}.Debug|Any CPU.Build.0 = Debug|Any CPU
		{E3D12E83-C32E-476E-85F5-567F1F79342C}.Release|Any CPU.ActiveCfg = Release|Any CPU
		{E3D12E83-C32E-476E-85F5-567F1F79342C}.Release|Any CPU.Build.0 = Release|Any CPU
		{6B424037-576D-4D43-8A2E-11F81058DDC4}.Debug|Any CPU.ActiveCfg = Debug|Any CPU
		{6B424037-576D-4D43-8A2E-11F81058DDC4}.Debug|Any CPU.Build.0 = Debug|Any CPU
		{6B424037-576D-4D43-8A2E-11F81058DDC4}.Release|Any CPU.ActiveCfg = Release|Any CPU
		{6B424037-576D-4D43-8A2E-11F81058DDC4}.Release|Any CPU.Build.0 = Release|Any CPU
		{B8824661-A67C-465F-BEE3-6F7CE22F609C}.Debug|Any CPU.ActiveCfg = Debug|Any CPU
		{B8824661-A67C-465F-BEE3-6F7CE22F609C}.Debug|Any CPU.Build.0 = Debug|Any CPU
		{B8824661-A67C-465F-BEE3-6F7CE22F609C}.Release|Any CPU.ActiveCfg = Release|Any CPU
		{B8824661-A67C-465F-BEE3-6F7CE22F609C}.Release|Any CPU.Build.0 = Release|Any CPU
	EndGlobalSection
	GlobalSection(SolutionProperties) = preSolution
		HideSolutionNode = FALSE
	EndGlobalSection
	GlobalSection(ExtensibilityGlobals) = postSolution
		SolutionGuid = {F9111D02-6686-4C78-A576-F826925964E2}
	EndGlobalSection
EndGlobal
