
Microsoft Visual Studio Solution File, Format Version 12.00
# Visual Studio Version 16
VisualStudioVersion = 16.0.30523.141
MinimumVisualStudioVersion = 10.0.40219.1
Project("{9A19103F-16F7-4668-BE54-9A1E7A4F7556}") = "Ssz.Utils", "Ssz.Utils\Ssz.Utils.csproj", "{0ADCF198-F0B0-4AF3-BC7D-1420291FE540}"
EndProject
Project("{9A19103F-16F7-4668-BE54-9A1E7A4F7556}") = "Ssz.Xi.Client", "Ssz.Xi.Client\Ssz.Xi.Client.csproj", "{7E62E059-B934-47AE-831D-D4A6D540E0E7}"
EndProject
Project("{9A19103F-16F7-4668-BE54-9A1E7A4F7556}") = "Ssz.DataAccessGrpc.Client", "Ssz.DataAccessGrpc.Client\Ssz.DataAccessGrpc.Client.csproj", "{D2EE9282-9023-47A7-95AC-742C0A967879}"
EndProject
Global
	GlobalSection(SolutionConfigurationPlatforms) = preSolution
		Debug|Any CPU = Debug|Any CPU
		Release_Multiplatform|Any CPU = Release_Multiplatform|Any CPU
		Release|Any CPU = Release|Any CPU
	EndGlobalSection
	GlobalSection(ProjectConfigurationPlatforms) = postSolution
		{0ADCF198-F0B0-4AF3-BC7D-1420291FE540}.Debug|Any CPU.ActiveCfg = Debug|Any CPU
		{0ADCF198-F0B0-4AF3-BC7D-1420291FE540}.Debug|Any CPU.Build.0 = Debug|Any CPU
		{0ADCF198-F0B0-4AF3-BC7D-1420291FE540}.Release_Multiplatform|Any CPU.ActiveCfg = Release|Any CPU
		{0ADCF198-F0B0-4AF3-BC7D-1420291FE540}.Release_Multiplatform|Any CPU.Build.0 = Release|Any CPU
		{0ADCF198-F0B0-4AF3-BC7D-1420291FE540}.Release|Any CPU.ActiveCfg = Release|Any CPU
		{0ADCF198-F0B0-4AF3-BC7D-1420291FE540}.Release|Any CPU.Build.0 = Release|Any CPU
		{7E62E059-B934-47AE-831D-D4A6D540E0E7}.Debug|Any CPU.ActiveCfg = Debug|Any CPU
		{7E62E059-B934-47AE-831D-D4A6D540E0E7}.Debug|Any CPU.Build.0 = Debug|Any CPU
		{7E62E059-B934-47AE-831D-D4A6D540E0E7}.Release_Multiplatform|Any CPU.ActiveCfg = Release|Any CPU
		{7E62E059-B934-47AE-831D-D4A6D540E0E7}.Release_Multiplatform|Any CPU.Build.0 = Release|Any CPU
		{7E62E059-B934-47AE-831D-D4A6D540E0E7}.Release|Any CPU.ActiveCfg = Release|Any CPU
		{7E62E059-B934-47AE-831D-D4A6D540E0E7}.Release|Any CPU.Build.0 = Release|Any CPU
		{D2EE9282-9023-47A7-95AC-742C0A967879}.Debug|Any CPU.ActiveCfg = Debug|Any CPU
		{D2EE9282-9023-47A7-95AC-742C0A967879}.Debug|Any CPU.Build.0 = Debug|Any CPU
		{D2EE9282-9023-47A7-95AC-742C0A967879}.Release_Multiplatform|Any CPU.ActiveCfg = Release|Any CPU
		{D2EE9282-9023-47A7-95AC-742C0A967879}.Release_Multiplatform|Any CPU.Build.0 = Release|Any CPU
		{D2EE9282-9023-47A7-95AC-742C0A967879}.Release|Any CPU.ActiveCfg = Release|Any CPU
		{D2EE9282-9023-47A7-95AC-742C0A967879}.Release|Any CPU.Build.0 = Release|Any CPU
	EndGlobalSection
	GlobalSection(SolutionProperties) = preSolution
		HideSolutionNode = FALSE
	EndGlobalSection
	GlobalSection(ExtensibilityGlobals) = postSolution
		SolutionGuid = {F9111D02-6686-4C78-A576-F826925964E2}
	EndGlobalSection
EndGlobal
