
Microsoft Visual Studio Solution File, Format Version 12.00
# Visual Studio Version 17
VisualStudioVersion = 17.0.32112.339
MinimumVisualStudioVersion = 10.0.40219.1
Project("{2150E333-8FDC-42A3-9474-1A3956D46DE8}") = "Solution Items", "Solution Items", "{F1B8712C-6D2A-48C3-94DB-DA52207A4DDC}"
	ProjectSection(SolutionItems) = preProject
		.editorconfig = .editorconfig
	EndProjectSection
EndProject
Project("{9A19103F-16F7-4668-BE54-9A1E7A4F7556}") = "Fluent.Ribbon", "ThirdParties\Fluent.Ribbon\Fluent.Ribbon.csproj", "{E62116C2-4E46-49FD-969B-6921CF722C71}"
EndProject
Project("{9A19103F-16F7-4668-BE54-9A1E7A4F7556}") = "ControlzEx", "ThirdParties\ControlzEx\ControlzEx.csproj", "{626BAF88-9FA1-49DC-943F-E0E8FD1E42F3}"
EndProject
Project("{9A19103F-16F7-4668-BE54-9A1E7A4F7556}") = "Ssz.WindowsAPICodePack", "ThirdParties\Ssz.WindowsAPICodePack\Ssz.WindowsAPICodePack.csproj", "{4409B1DF-7EAC-4350-9AD9-314CBB8778FC}"
EndProject
Project("{2150E333-8FDC-42A3-9474-1A3956D46DE8}") = "HelixToolkit", "HelixToolkit", "{A1A00CE1-2B1A-4D82-9CCD-5DFECA6804EA}"
EndProject
Project("{D954291E-2A0B-460D-934E-DC6B0785DB48}") = "HelixToolkit.Shared", "ThirdParties\HelixToolkit\HelixToolkit.Shared\HelixToolkit.Shared.shproj", "{4EE18E80-7609-4FFF-BD4B-F02728EC0688}"
EndProject
Project("{D954291E-2A0B-460D-934E-DC6B0785DB48}") = "HelixToolkit.Wpf.Shared", "ThirdParties\HelixToolkit\HelixToolkit.Wpf.Shared\HelixToolkit.Wpf.Shared.shproj", "{342788CD-C98C-4856-99F3-E38BCEACB2B7}"
EndProject
Project("{9A19103F-16F7-4668-BE54-9A1E7A4F7556}") = "HelixToolkit.Wpf", "ThirdParties\HelixToolkit\HelixToolkit.Wpf\HelixToolkit.Wpf.csproj", "{167A7C1B-3AEE-47D1-BF53-34D48CA97138}"
EndProject
Project("{9A19103F-16F7-4668-BE54-9A1E7A4F7556}") = "Microsoft.Research.DynamicDataDisplay", "ThirdParties\Microsoft.Research.DynamicDataDisplay\Microsoft.Research.DynamicDataDisplay.csproj", "{AD003A2F-14E7-44EF-BAD9-DE9E42B00356}"
EndProject
Project("{2150E333-8FDC-42A3-9474-1A3956D46DE8}") = "OxyPlot", "OxyPlot", "{C2E85F99-47A1-45D0-BD18-400D0B9D013E}"
EndProject
Project("{9A19103F-16F7-4668-BE54-9A1E7A4F7556}") = "OxyPlot", "ThirdParties\OxyPlot\OxyPlot\OxyPlot.csproj", "{EF118234-8BD3-4B31-831E-23D504E9C792}"
EndProject
Project("{9A19103F-16F7-4668-BE54-9A1E7A4F7556}") = "OxyPlot.Wpf", "ThirdParties\OxyPlot\OxyPlot.Wpf\OxyPlot.Wpf.csproj", "{FA534E20-0831-4B8A-8D34-0C3442A1901C}"
EndProject
Project("{9A19103F-16F7-4668-BE54-9A1E7A4F7556}") = "QuickGraph", "ThirdParties\QuickGraph\QuickGraph.csproj", "{E6E35456-07FB-48A3-8C46-81A18B65BBAF}"
EndProject
Project("{9A19103F-16F7-4668-BE54-9A1E7A4F7556}") = "EPPlus", "ThirdParties\EPPlus\EPPlus.csproj", "{87EE1C57-7577-4ED2-834C-1FA0C30D9DB8}"
EndProject
Project("{9A19103F-16F7-4668-BE54-9A1E7A4F7556}") = "HtmlAgilityPack", "ThirdParties\HtmlAgilityPack\HtmlAgilityPack.csproj", "{E979A97A-C292-48C4-A389-4A7035A6415C}"
EndProject
Project("{9A19103F-16F7-4668-BE54-9A1E7A4F7556}") = "Newtonsoft.Json", "ThirdParties\Newtonsoft.Json\Newtonsoft.Json.csproj", "{34051A8D-E55B-415A-985D-B9DBA6339BBB}"
EndProject
Project("{2150E333-8FDC-42A3-9474-1A3956D46DE8}") = "IdentityServer4", "IdentityServer4", "{70743830-C461-488C-94A8-AFE13F30D010}"
EndProject
Project("{9A19103F-16F7-4668-BE54-9A1E7A4F7556}") = "IdentityServer4.Storage", "ThirdParties\IdentityServer4\IdentityServer4.Storage\IdentityServer4.Storage.csproj", "{E1DBBD42-58BC-4B45-A309-B1C261FBC202}"
EndProject
Project("{9A19103F-16F7-4668-BE54-9A1E7A4F7556}") = "IdentityServer4", "ThirdParties\IdentityServer4\IdentityServer4\IdentityServer4.csproj", "{E1A74EDC-8871-4995-AC51-678F8464459D}"
EndProject
Project("{9A19103F-16F7-4668-BE54-9A1E7A4F7556}") = "IdentityModel", "ThirdParties\IdentityServer4\IdentityModel\IdentityModel.csproj", "{422DC2B7-DFC7-4504-8439-AC090A456F37}"
EndProject
Global
	GlobalSection(SharedMSBuildProjectFiles) = preSolution
		ThirdParties\HelixToolkit\HelixToolkit.Shared\HelixToolkit.Shared.projitems*{167a7c1b-3aee-47d1-bf53-34d48ca97138}*SharedItemsImports = 5
		ThirdParties\HelixToolkit\HelixToolkit.Wpf.Shared\HelixToolkit.Wpf.Shared.projitems*{167a7c1b-3aee-47d1-bf53-34d48ca97138}*SharedItemsImports = 5
		ThirdParties\HelixToolkit\HelixToolkit.Wpf.Shared\HelixToolkit.Wpf.Shared.projitems*{342788cd-c98c-4856-99f3-e38bceacb2b7}*SharedItemsImports = 13
		ThirdParties\HelixToolkit\HelixToolkit.Shared\HelixToolkit.Shared.projitems*{4ee18e80-7609-4fff-bd4b-f02728ec0688}*SharedItemsImports = 13
	EndGlobalSection
	GlobalSection(SolutionConfigurationPlatforms) = preSolution
		Debug|Any CPU = Debug|Any CPU
		Release_Multiplatform|Any CPU = Release_Multiplatform|Any CPU
		Release|Any CPU = Release|Any CPU
	EndGlobalSection
	GlobalSection(ProjectConfigurationPlatforms) = postSolution
		{E62116C2-4E46-49FD-969B-6921CF722C71}.Debug|Any CPU.ActiveCfg = Debug|Any CPU
		{E62116C2-4E46-49FD-969B-6921CF722C71}.Debug|Any CPU.Build.0 = Debug|Any CPU
		{E62116C2-4E46-49FD-969B-6921CF722C71}.Release_Multiplatform|Any CPU.ActiveCfg = Release|Any CPU
		{E62116C2-4E46-49FD-969B-6921CF722C71}.Release|Any CPU.ActiveCfg = Release|Any CPU
		{E62116C2-4E46-49FD-969B-6921CF722C71}.Release|Any CPU.Build.0 = Release|Any CPU
		{626BAF88-9FA1-49DC-943F-E0E8FD1E42F3}.Debug|Any CPU.ActiveCfg = Debug|Any CPU
		{626BAF88-9FA1-49DC-943F-E0E8FD1E42F3}.Debug|Any CPU.Build.0 = Debug|Any CPU
		{626BAF88-9FA1-49DC-943F-E0E8FD1E42F3}.Release_Multiplatform|Any CPU.ActiveCfg = Release|Any CPU
		{626BAF88-9FA1-49DC-943F-E0E8FD1E42F3}.Release|Any CPU.ActiveCfg = Release|Any CPU
		{626BAF88-9FA1-49DC-943F-E0E8FD1E42F3}.Release|Any CPU.Build.0 = Release|Any CPU
		{4409B1DF-7EAC-4350-9AD9-314CBB8778FC}.Debug|Any CPU.ActiveCfg = Debug|Any CPU
		{4409B1DF-7EAC-4350-9AD9-314CBB8778FC}.Debug|Any CPU.Build.0 = Debug|Any CPU
		{4409B1DF-7EAC-4350-9AD9-314CBB8778FC}.Release_Multiplatform|Any CPU.ActiveCfg = Release|Any CPU
		{4409B1DF-7EAC-4350-9AD9-314CBB8778FC}.Release|Any CPU.ActiveCfg = Release|Any CPU
		{4409B1DF-7EAC-4350-9AD9-314CBB8778FC}.Release|Any CPU.Build.0 = Release|Any CPU
		{167A7C1B-3AEE-47D1-BF53-34D48CA97138}.Debug|Any CPU.ActiveCfg = Debug|Any CPU
		{167A7C1B-3AEE-47D1-BF53-34D48CA97138}.Debug|Any CPU.Build.0 = Debug|Any CPU
		{167A7C1B-3AEE-47D1-BF53-34D48CA97138}.Release_Multiplatform|Any CPU.ActiveCfg = Release|Any CPU
		{167A7C1B-3AEE-47D1-BF53-34D48CA97138}.Release|Any CPU.ActiveCfg = Release|Any CPU
		{167A7C1B-3AEE-47D1-BF53-34D48CA97138}.Release|Any CPU.Build.0 = Release|Any CPU
		{AD003A2F-14E7-44EF-BAD9-DE9E42B00356}.Debug|Any CPU.ActiveCfg = Debug|Any CPU
		{AD003A2F-14E7-44EF-BAD9-DE9E42B00356}.Debug|Any CPU.Build.0 = Debug|Any CPU
		{AD003A2F-14E7-44EF-BAD9-DE9E42B00356}.Release_Multiplatform|Any CPU.ActiveCfg = Release|Any CPU
		{AD003A2F-14E7-44EF-BAD9-DE9E42B00356}.Release|Any CPU.ActiveCfg = Release|Any CPU
		{AD003A2F-14E7-44EF-BAD9-DE9E42B00356}.Release|Any CPU.Build.0 = Release|Any CPU
		{EF118234-8BD3-4B31-831E-23D504E9C792}.Debug|Any CPU.ActiveCfg = Debug|Any CPU
		{EF118234-8BD3-4B31-831E-23D504E9C792}.Debug|Any CPU.Build.0 = Debug|Any CPU
		{EF118234-8BD3-4B31-831E-23D504E9C792}.Release_Multiplatform|Any CPU.ActiveCfg = Release|Any CPU
		{EF118234-8BD3-4B31-831E-23D504E9C792}.Release|Any CPU.ActiveCfg = Release|Any CPU
		{EF118234-8BD3-4B31-831E-23D504E9C792}.Release|Any CPU.Build.0 = Release|Any CPU
		{FA534E20-0831-4B8A-8D34-0C3442A1901C}.Debug|Any CPU.ActiveCfg = Debug|Any CPU
		{FA534E20-0831-4B8A-8D34-0C3442A1901C}.Debug|Any CPU.Build.0 = Debug|Any CPU
		{FA534E20-0831-4B8A-8D34-0C3442A1901C}.Release_Multiplatform|Any CPU.ActiveCfg = Release|Any CPU
		{FA534E20-0831-4B8A-8D34-0C3442A1901C}.Release|Any CPU.ActiveCfg = Release|Any CPU
		{FA534E20-0831-4B8A-8D34-0C3442A1901C}.Release|Any CPU.Build.0 = Release|Any CPU
		{E6E35456-07FB-48A3-8C46-81A18B65BBAF}.Debug|Any CPU.ActiveCfg = Debug|Any CPU
		{E6E35456-07FB-48A3-8C46-81A18B65BBAF}.Debug|Any CPU.Build.0 = Debug|Any CPU
		{E6E35456-07FB-48A3-8C46-81A18B65BBAF}.Release_Multiplatform|Any CPU.ActiveCfg = Release|Any CPU
		{E6E35456-07FB-48A3-8C46-81A18B65BBAF}.Release_Multiplatform|Any CPU.Build.0 = Release|Any CPU
		{E6E35456-07FB-48A3-8C46-81A18B65BBAF}.Release|Any CPU.ActiveCfg = Release|Any CPU
		{E6E35456-07FB-48A3-8C46-81A18B65BBAF}.Release|Any CPU.Build.0 = Release|Any CPU
		{87EE1C57-7577-4ED2-834C-1FA0C30D9DB8}.Debug|Any CPU.ActiveCfg = Debug|Any CPU
		{87EE1C57-7577-4ED2-834C-1FA0C30D9DB8}.Debug|Any CPU.Build.0 = Debug|Any CPU
		{87EE1C57-7577-4ED2-834C-1FA0C30D9DB8}.Release_Multiplatform|Any CPU.ActiveCfg = Release|Any CPU
		{87EE1C57-7577-4ED2-834C-1FA0C30D9DB8}.Release_Multiplatform|Any CPU.Build.0 = Release|Any CPU
		{87EE1C57-7577-4ED2-834C-1FA0C30D9DB8}.Release|Any CPU.ActiveCfg = Release|Any CPU
		{87EE1C57-7577-4ED2-834C-1FA0C30D9DB8}.Release|Any CPU.Build.0 = Release|Any CPU
		{E979A97A-C292-48C4-A389-4A7035A6415C}.Debug|Any CPU.ActiveCfg = Debug|Any CPU
		{E979A97A-C292-48C4-A389-4A7035A6415C}.Debug|Any CPU.Build.0 = Debug|Any CPU
		{E979A97A-C292-48C4-A389-4A7035A6415C}.Release_Multiplatform|Any CPU.ActiveCfg = Release|Any CPU
		{E979A97A-C292-48C4-A389-4A7035A6415C}.Release_Multiplatform|Any CPU.Build.0 = Release|Any CPU
		{E979A97A-C292-48C4-A389-4A7035A6415C}.Release|Any CPU.ActiveCfg = Release|Any CPU
		{E979A97A-C292-48C4-A389-4A7035A6415C}.Release|Any CPU.Build.0 = Release|Any CPU
		{34051A8D-E55B-415A-985D-B9DBA6339BBB}.Debug|Any CPU.ActiveCfg = Debug|Any CPU
		{34051A8D-E55B-415A-985D-B9DBA6339BBB}.Debug|Any CPU.Build.0 = Debug|Any CPU
		{34051A8D-E55B-415A-985D-B9DBA6339BBB}.Release_Multiplatform|Any CPU.ActiveCfg = Release|Any CPU
		{34051A8D-E55B-415A-985D-B9DBA6339BBB}.Release_Multiplatform|Any CPU.Build.0 = Release|Any CPU
		{34051A8D-E55B-415A-985D-B9DBA6339BBB}.Release|Any CPU.ActiveCfg = Release|Any CPU
		{34051A8D-E55B-415A-985D-B9DBA6339BBB}.Release|Any CPU.Build.0 = Release|Any CPU
		{E1DBBD42-58BC-4B45-A309-B1C261FBC202}.Debug|Any CPU.ActiveCfg = Debug|Any CPU
		{E1DBBD42-58BC-4B45-A309-B1C261FBC202}.Debug|Any CPU.Build.0 = Debug|Any CPU
		{E1DBBD42-58BC-4B45-A309-B1C261FBC202}.Release_Multiplatform|Any CPU.ActiveCfg = Release|Any CPU
		{E1DBBD42-58BC-4B45-A309-B1C261FBC202}.Release_Multiplatform|Any CPU.Build.0 = Release|Any CPU
		{E1DBBD42-58BC-4B45-A309-B1C261FBC202}.Release|Any CPU.ActiveCfg = Release|Any CPU
		{E1DBBD42-58BC-4B45-A309-B1C261FBC202}.Release|Any CPU.Build.0 = Release|Any CPU
		{E1A74EDC-8871-4995-AC51-678F8464459D}.Debug|Any CPU.ActiveCfg = Debug|Any CPU
		{E1A74EDC-8871-4995-AC51-678F8464459D}.Debug|Any CPU.Build.0 = Debug|Any CPU
		{E1A74EDC-8871-4995-AC51-678F8464459D}.Release_Multiplatform|Any CPU.ActiveCfg = Release|Any CPU
		{E1A74EDC-8871-4995-AC51-678F8464459D}.Release_Multiplatform|Any CPU.Build.0 = Release|Any CPU
		{E1A74EDC-8871-4995-AC51-678F8464459D}.Release|Any CPU.ActiveCfg = Release|Any CPU
		{E1A74EDC-8871-4995-AC51-678F8464459D}.Release|Any CPU.Build.0 = Release|Any CPU
		{422DC2B7-DFC7-4504-8439-AC090A456F37}.Debug|Any CPU.ActiveCfg = Debug|Any CPU
		{422DC2B7-DFC7-4504-8439-AC090A456F37}.Debug|Any CPU.Build.0 = Debug|Any CPU
		{422DC2B7-DFC7-4504-8439-AC090A456F37}.Release_Multiplatform|Any CPU.ActiveCfg = Release|Any CPU
		{422DC2B7-DFC7-4504-8439-AC090A456F37}.Release_Multiplatform|Any CPU.Build.0 = Release|Any CPU
		{422DC2B7-DFC7-4504-8439-AC090A456F37}.Release|Any CPU.ActiveCfg = Release|Any CPU
		{422DC2B7-DFC7-4504-8439-AC090A456F37}.Release|Any CPU.Build.0 = Release|Any CPU
	EndGlobalSection
	GlobalSection(SolutionProperties) = preSolution
		HideSolutionNode = FALSE
	EndGlobalSection
	GlobalSection(NestedProjects) = preSolution
		{4EE18E80-7609-4FFF-BD4B-F02728EC0688} = {A1A00CE1-2B1A-4D82-9CCD-5DFECA6804EA}
		{342788CD-C98C-4856-99F3-E38BCEACB2B7} = {A1A00CE1-2B1A-4D82-9CCD-5DFECA6804EA}
		{167A7C1B-3AEE-47D1-BF53-34D48CA97138} = {A1A00CE1-2B1A-4D82-9CCD-5DFECA6804EA}
		{EF118234-8BD3-4B31-831E-23D504E9C792} = {C2E85F99-47A1-45D0-BD18-400D0B9D013E}
		{FA534E20-0831-4B8A-8D34-0C3442A1901C} = {C2E85F99-47A1-45D0-BD18-400D0B9D013E}
		{E1DBBD42-58BC-4B45-A309-B1C261FBC202} = {70743830-C461-488C-94A8-AFE13F30D010}
		{E1A74EDC-8871-4995-AC51-678F8464459D} = {70743830-C461-488C-94A8-AFE13F30D010}
		{422DC2B7-DFC7-4504-8439-AC090A456F37} = {70743830-C461-488C-94A8-AFE13F30D010}
	EndGlobalSection
	GlobalSection(ExtensibilityGlobals) = postSolution
		SolutionGuid = {F9111D02-6686-4C78-A576-F826925964E2}
	EndGlobalSection
EndGlobal
