
Microsoft Visual Studio Solution File, Format Version 12.00
# Visual Studio Version 17
VisualStudioVersion = 17.0.32112.339
MinimumVisualStudioVersion = 10.0.40219.1
Project("{9A19103F-16F7-4668-BE54-9A1E7A4F7556}") = "Ssz.Utils", "Ssz.Utils\Ssz.Utils.csproj", "{0ADCF198-F0B0-4AF3-BC7D-1420291FE540}"
EndProject
Project("{2150E333-8FDC-42A3-9474-1A3956D46DE8}") = "Solution Items", "Solution Items", "{F1B8712C-6D2A-48C3-94DB-DA52207A4DDC}"
	ProjectSection(SolutionItems) = preProject
		.editorconfig = .editorconfig
	EndProjectSection
EndProject
Project("{9A19103F-16F7-4668-BE54-9A1E7A4F7556}") = "Ssz.Utils.Wpf", "Ssz.Utils.Wpf\Ssz.Utils.Wpf.csproj", "{E3D12E83-C32E-476E-85F5-567F1F79342C}"
EndProject
Project("{9A19103F-16F7-4668-BE54-9A1E7A4F7556}") = "Ssz.Xi.Client", "Ssz.Xi.Client\Ssz.Xi.Client.csproj", "{7E62E059-B934-47AE-831D-D4A6D540E0E7}"
EndProject
Project("{9A19103F-16F7-4668-BE54-9A1E7A4F7556}") = "Ssz.DataGrpc.Client", "Ssz.DataGrpc.Client\Ssz.DataGrpc.Client.csproj", "{D2EE9282-9023-47A7-95AC-742C0A967879}"
EndProject
Project("{2150E333-8FDC-42A3-9474-1A3956D46DE8}") = "Ssz.Xceed.Wpf.Toolkit", "Ssz.Xceed.Wpf.Toolkit", "{55FAE16F-C97A-4F28-B3CB-EAD6DC3E6D8F}"
EndProject
Project("{9A19103F-16F7-4668-BE54-9A1E7A4F7556}") = "Ssz.Xceed.Wpf.Toolkit", "Ssz.Xceed.Wpf.Toolkit\Ssz.Xceed.Wpf.Toolkit\Ssz.Xceed.Wpf.Toolkit.csproj", "{A2EF2AD9-3F19-4DE9-87E7-92515690C5D2}"
EndProject
Project("{9A19103F-16F7-4668-BE54-9A1E7A4F7556}") = "Ssz.Xceed.Wpf.AvalonDock", "Ssz.Xceed.Wpf.Toolkit\Ssz.Xceed.Wpf.AvalonDock\Ssz.Xceed.Wpf.AvalonDock.csproj", "{DB81988F-E0F2-45A0-A1FD-8C37F3D35244}"
EndProject
Project("{9A19103F-16F7-4668-BE54-9A1E7A4F7556}") = "Ssz.Xceed.Wpf.AvalonDock.Themes.Aero", "Ssz.Xceed.Wpf.Toolkit\Ssz.Xceed.Wpf.AvalonDock.Themes.Aero\Ssz.Xceed.Wpf.AvalonDock.Themes.Aero.csproj", "{BA72CCE0-A9FB-4995-B496-7FEC5C87B85B}"
EndProject
Project("{9A19103F-16F7-4668-BE54-9A1E7A4F7556}") = "Ssz.Xceed.Wpf.AvalonDock.Themes.Metro", "Ssz.Xceed.Wpf.Toolkit\Ssz.Xceed.Wpf.AvalonDock.Themes.Metro\Ssz.Xceed.Wpf.AvalonDock.Themes.Metro.csproj", "{89286EB4-B4A1-418C-839A-067B00F442D8}"
EndProject
Project("{9A19103F-16F7-4668-BE54-9A1E7A4F7556}") = "Ssz.Xceed.Wpf.AvalonDock.Themes.VS2010", "Ssz.Xceed.Wpf.Toolkit\Ssz.Xceed.Wpf.AvalonDock.Themes.VS2010\Ssz.Xceed.Wpf.AvalonDock.Themes.VS2010.csproj", "{B3FC3E21-5F2D-4581-AEA2-59F671CFFC21}"
EndProject
Project("{FAE04EC0-301F-11D3-BF4B-00C04F79EFBC}") = "Ssz.Utils.Wpf.Uwp", "Ssz.Utils.Wpf.Uwp\Ssz.Utils.Wpf.Uwp.csproj", "{53F6DE94-5F4D-485C-B392-11A3C8C31454}"
EndProject
Project("{9A19103F-16F7-4668-BE54-9A1E7A4F7556}") = "Ssz.Utils.Wpf.WinUI", "Ssz.Utils.Wpf.WinUI\Ssz.Utils.Wpf.WinUI.csproj", "{081627D2-5BCD-4A7D-9425-E1453BDCF428}"
EndProject
Project("{9A19103F-16F7-4668-BE54-9A1E7A4F7556}") = "Ssz.Runtime.Serialization", "Ssz.Runtime.Serialization\Ssz.Runtime.Serialization.csproj", "{995C717D-6D69-4A59-A014-F72C37B45405}"
EndProject
Project("{9A19103F-16F7-4668-BE54-9A1E7A4F7556}") = "Ssz.DataGrpc.ServerBase", "Ssz.DataGrpc.ServerBase\Ssz.DataGrpc.ServerBase.csproj", "{DD224120-3C77-4C2D-A6A8-705D2FAD8936}"
EndProject
Project("{FAE04EC0-301F-11D3-BF4B-00C04F79EFBC}") = "Ssz.Utils.Net4", "Ssz.Utils.Net4\Ssz.Utils.Net4.csproj", "{35FBD383-F754-4E4E-9A1F-F6EAB6A6EB09}"
EndProject
Global
	GlobalSection(SolutionConfigurationPlatforms) = preSolution
		Debug|Any CPU = Debug|Any CPU
		Debug|ARM = Debug|ARM
		Debug|ARM64 = Debug|ARM64
		Debug|x64 = Debug|x64
		Debug|x86 = Debug|x86
		Release_Multiplatform|Any CPU = Release_Multiplatform|Any CPU
		Release_Multiplatform|ARM = Release_Multiplatform|ARM
		Release_Multiplatform|ARM64 = Release_Multiplatform|ARM64
		Release_Multiplatform|x64 = Release_Multiplatform|x64
		Release_Multiplatform|x86 = Release_Multiplatform|x86
		Release|Any CPU = Release|Any CPU
		Release|ARM = Release|ARM
		Release|ARM64 = Release|ARM64
		Release|x64 = Release|x64
		Release|x86 = Release|x86
	EndGlobalSection
	GlobalSection(ProjectConfigurationPlatforms) = postSolution
		{0ADCF198-F0B0-4AF3-BC7D-1420291FE540}.Debug|Any CPU.ActiveCfg = Debug|Any CPU
		{0ADCF198-F0B0-4AF3-BC7D-1420291FE540}.Debug|Any CPU.Build.0 = Debug|Any CPU
		{0ADCF198-F0B0-4AF3-BC7D-1420291FE540}.Debug|ARM.ActiveCfg = Debug|Any CPU
		{0ADCF198-F0B0-4AF3-BC7D-1420291FE540}.Debug|ARM.Build.0 = Debug|Any CPU
		{0ADCF198-F0B0-4AF3-BC7D-1420291FE540}.Debug|ARM64.ActiveCfg = Debug|Any CPU
		{0ADCF198-F0B0-4AF3-BC7D-1420291FE540}.Debug|ARM64.Build.0 = Debug|Any CPU
		{0ADCF198-F0B0-4AF3-BC7D-1420291FE540}.Debug|x64.ActiveCfg = Debug|Any CPU
		{0ADCF198-F0B0-4AF3-BC7D-1420291FE540}.Debug|x64.Build.0 = Debug|Any CPU
		{0ADCF198-F0B0-4AF3-BC7D-1420291FE540}.Debug|x86.ActiveCfg = Debug|Any CPU
		{0ADCF198-F0B0-4AF3-BC7D-1420291FE540}.Debug|x86.Build.0 = Debug|Any CPU
		{0ADCF198-F0B0-4AF3-BC7D-1420291FE540}.Release_Multiplatform|Any CPU.ActiveCfg = Release|Any CPU
		{0ADCF198-F0B0-4AF3-BC7D-1420291FE540}.Release_Multiplatform|Any CPU.Build.0 = Release|Any CPU
		{0ADCF198-F0B0-4AF3-BC7D-1420291FE540}.Release_Multiplatform|ARM.ActiveCfg = Release|Any CPU
		{0ADCF198-F0B0-4AF3-BC7D-1420291FE540}.Release_Multiplatform|ARM.Build.0 = Release|Any CPU
		{0ADCF198-F0B0-4AF3-BC7D-1420291FE540}.Release_Multiplatform|ARM64.ActiveCfg = Release|Any CPU
		{0ADCF198-F0B0-4AF3-BC7D-1420291FE540}.Release_Multiplatform|ARM64.Build.0 = Release|Any CPU
		{0ADCF198-F0B0-4AF3-BC7D-1420291FE540}.Release_Multiplatform|x64.ActiveCfg = Release|Any CPU
		{0ADCF198-F0B0-4AF3-BC7D-1420291FE540}.Release_Multiplatform|x64.Build.0 = Release|Any CPU
		{0ADCF198-F0B0-4AF3-BC7D-1420291FE540}.Release_Multiplatform|x86.ActiveCfg = Release|Any CPU
		{0ADCF198-F0B0-4AF3-BC7D-1420291FE540}.Release_Multiplatform|x86.Build.0 = Release|Any CPU
		{0ADCF198-F0B0-4AF3-BC7D-1420291FE540}.Release|Any CPU.ActiveCfg = Release|Any CPU
		{0ADCF198-F0B0-4AF3-BC7D-1420291FE540}.Release|Any CPU.Build.0 = Release|Any CPU
		{0ADCF198-F0B0-4AF3-BC7D-1420291FE540}.Release|ARM.ActiveCfg = Release|Any CPU
		{0ADCF198-F0B0-4AF3-BC7D-1420291FE540}.Release|ARM.Build.0 = Release|Any CPU
		{0ADCF198-F0B0-4AF3-BC7D-1420291FE540}.Release|ARM64.ActiveCfg = Release|Any CPU
		{0ADCF198-F0B0-4AF3-BC7D-1420291FE540}.Release|ARM64.Build.0 = Release|Any CPU
		{0ADCF198-F0B0-4AF3-BC7D-1420291FE540}.Release|x64.ActiveCfg = Release|Any CPU
		{0ADCF198-F0B0-4AF3-BC7D-1420291FE540}.Release|x64.Build.0 = Release|Any CPU
		{0ADCF198-F0B0-4AF3-BC7D-1420291FE540}.Release|x86.ActiveCfg = Release|Any CPU
		{0ADCF198-F0B0-4AF3-BC7D-1420291FE540}.Release|x86.Build.0 = Release|Any CPU
		{E3D12E83-C32E-476E-85F5-567F1F79342C}.Debug|Any CPU.ActiveCfg = Debug|Any CPU
		{E3D12E83-C32E-476E-85F5-567F1F79342C}.Debug|Any CPU.Build.0 = Debug|Any CPU
		{E3D12E83-C32E-476E-85F5-567F1F79342C}.Debug|ARM.ActiveCfg = Debug|Any CPU
		{E3D12E83-C32E-476E-85F5-567F1F79342C}.Debug|ARM.Build.0 = Debug|Any CPU
		{E3D12E83-C32E-476E-85F5-567F1F79342C}.Debug|ARM64.ActiveCfg = Debug|Any CPU
		{E3D12E83-C32E-476E-85F5-567F1F79342C}.Debug|ARM64.Build.0 = Debug|Any CPU
		{E3D12E83-C32E-476E-85F5-567F1F79342C}.Debug|x64.ActiveCfg = Debug|Any CPU
		{E3D12E83-C32E-476E-85F5-567F1F79342C}.Debug|x64.Build.0 = Debug|Any CPU
		{E3D12E83-C32E-476E-85F5-567F1F79342C}.Debug|x86.ActiveCfg = Debug|Any CPU
		{E3D12E83-C32E-476E-85F5-567F1F79342C}.Debug|x86.Build.0 = Debug|Any CPU
		{E3D12E83-C32E-476E-85F5-567F1F79342C}.Release_Multiplatform|Any CPU.ActiveCfg = Release|Any CPU
		{E3D12E83-C32E-476E-85F5-567F1F79342C}.Release_Multiplatform|ARM.ActiveCfg = Release|Any CPU
		{E3D12E83-C32E-476E-85F5-567F1F79342C}.Release_Multiplatform|ARM.Build.0 = Release|Any CPU
		{E3D12E83-C32E-476E-85F5-567F1F79342C}.Release_Multiplatform|ARM64.ActiveCfg = Release|Any CPU
		{E3D12E83-C32E-476E-85F5-567F1F79342C}.Release_Multiplatform|ARM64.Build.0 = Release|Any CPU
		{E3D12E83-C32E-476E-85F5-567F1F79342C}.Release_Multiplatform|x64.ActiveCfg = Release|Any CPU
		{E3D12E83-C32E-476E-85F5-567F1F79342C}.Release_Multiplatform|x64.Build.0 = Release|Any CPU
		{E3D12E83-C32E-476E-85F5-567F1F79342C}.Release_Multiplatform|x86.ActiveCfg = Release|Any CPU
		{E3D12E83-C32E-476E-85F5-567F1F79342C}.Release_Multiplatform|x86.Build.0 = Release|Any CPU
		{E3D12E83-C32E-476E-85F5-567F1F79342C}.Release|Any CPU.ActiveCfg = Release|Any CPU
		{E3D12E83-C32E-476E-85F5-567F1F79342C}.Release|Any CPU.Build.0 = Release|Any CPU
		{E3D12E83-C32E-476E-85F5-567F1F79342C}.Release|ARM.ActiveCfg = Release|Any CPU
		{E3D12E83-C32E-476E-85F5-567F1F79342C}.Release|ARM.Build.0 = Release|Any CPU
		{E3D12E83-C32E-476E-85F5-567F1F79342C}.Release|ARM64.ActiveCfg = Release|Any CPU
		{E3D12E83-C32E-476E-85F5-567F1F79342C}.Release|ARM64.Build.0 = Release|Any CPU
		{E3D12E83-C32E-476E-85F5-567F1F79342C}.Release|x64.ActiveCfg = Release|Any CPU
		{E3D12E83-C32E-476E-85F5-567F1F79342C}.Release|x64.Build.0 = Release|Any CPU
		{E3D12E83-C32E-476E-85F5-567F1F79342C}.Release|x86.ActiveCfg = Release|Any CPU
		{E3D12E83-C32E-476E-85F5-567F1F79342C}.Release|x86.Build.0 = Release|Any CPU
		{7E62E059-B934-47AE-831D-D4A6D540E0E7}.Debug|Any CPU.ActiveCfg = Debug|Any CPU
		{7E62E059-B934-47AE-831D-D4A6D540E0E7}.Debug|Any CPU.Build.0 = Debug|Any CPU
		{7E62E059-B934-47AE-831D-D4A6D540E0E7}.Debug|ARM.ActiveCfg = Debug|Any CPU
		{7E62E059-B934-47AE-831D-D4A6D540E0E7}.Debug|ARM.Build.0 = Debug|Any CPU
		{7E62E059-B934-47AE-831D-D4A6D540E0E7}.Debug|ARM64.ActiveCfg = Debug|Any CPU
		{7E62E059-B934-47AE-831D-D4A6D540E0E7}.Debug|ARM64.Build.0 = Debug|Any CPU
		{7E62E059-B934-47AE-831D-D4A6D540E0E7}.Debug|x64.ActiveCfg = Debug|Any CPU
		{7E62E059-B934-47AE-831D-D4A6D540E0E7}.Debug|x64.Build.0 = Debug|Any CPU
		{7E62E059-B934-47AE-831D-D4A6D540E0E7}.Debug|x86.ActiveCfg = Debug|Any CPU
		{7E62E059-B934-47AE-831D-D4A6D540E0E7}.Debug|x86.Build.0 = Debug|Any CPU
		{7E62E059-B934-47AE-831D-D4A6D540E0E7}.Release_Multiplatform|Any CPU.ActiveCfg = Release|Any CPU
		{7E62E059-B934-47AE-831D-D4A6D540E0E7}.Release_Multiplatform|Any CPU.Build.0 = Release|Any CPU
		{7E62E059-B934-47AE-831D-D4A6D540E0E7}.Release_Multiplatform|ARM.ActiveCfg = Release|Any CPU
		{7E62E059-B934-47AE-831D-D4A6D540E0E7}.Release_Multiplatform|ARM.Build.0 = Release|Any CPU
		{7E62E059-B934-47AE-831D-D4A6D540E0E7}.Release_Multiplatform|ARM64.ActiveCfg = Release|Any CPU
		{7E62E059-B934-47AE-831D-D4A6D540E0E7}.Release_Multiplatform|ARM64.Build.0 = Release|Any CPU
		{7E62E059-B934-47AE-831D-D4A6D540E0E7}.Release_Multiplatform|x64.ActiveCfg = Release|Any CPU
		{7E62E059-B934-47AE-831D-D4A6D540E0E7}.Release_Multiplatform|x64.Build.0 = Release|Any CPU
		{7E62E059-B934-47AE-831D-D4A6D540E0E7}.Release_Multiplatform|x86.ActiveCfg = Release|Any CPU
		{7E62E059-B934-47AE-831D-D4A6D540E0E7}.Release_Multiplatform|x86.Build.0 = Release|Any CPU
		{7E62E059-B934-47AE-831D-D4A6D540E0E7}.Release|Any CPU.ActiveCfg = Release|Any CPU
		{7E62E059-B934-47AE-831D-D4A6D540E0E7}.Release|Any CPU.Build.0 = Release|Any CPU
		{7E62E059-B934-47AE-831D-D4A6D540E0E7}.Release|ARM.ActiveCfg = Release|Any CPU
		{7E62E059-B934-47AE-831D-D4A6D540E0E7}.Release|ARM.Build.0 = Release|Any CPU
		{7E62E059-B934-47AE-831D-D4A6D540E0E7}.Release|ARM64.ActiveCfg = Release|Any CPU
		{7E62E059-B934-47AE-831D-D4A6D540E0E7}.Release|ARM64.Build.0 = Release|Any CPU
		{7E62E059-B934-47AE-831D-D4A6D540E0E7}.Release|x64.ActiveCfg = Release|Any CPU
		{7E62E059-B934-47AE-831D-D4A6D540E0E7}.Release|x64.Build.0 = Release|Any CPU
		{7E62E059-B934-47AE-831D-D4A6D540E0E7}.Release|x86.ActiveCfg = Release|Any CPU
		{7E62E059-B934-47AE-831D-D4A6D540E0E7}.Release|x86.Build.0 = Release|Any CPU
		{D2EE9282-9023-47A7-95AC-742C0A967879}.Debug|Any CPU.ActiveCfg = Debug|Any CPU
		{D2EE9282-9023-47A7-95AC-742C0A967879}.Debug|Any CPU.Build.0 = Debug|Any CPU
		{D2EE9282-9023-47A7-95AC-742C0A967879}.Debug|ARM.ActiveCfg = Debug|Any CPU
		{D2EE9282-9023-47A7-95AC-742C0A967879}.Debug|ARM.Build.0 = Debug|Any CPU
		{D2EE9282-9023-47A7-95AC-742C0A967879}.Debug|ARM64.ActiveCfg = Debug|Any CPU
		{D2EE9282-9023-47A7-95AC-742C0A967879}.Debug|ARM64.Build.0 = Debug|Any CPU
		{D2EE9282-9023-47A7-95AC-742C0A967879}.Debug|x64.ActiveCfg = Debug|Any CPU
		{D2EE9282-9023-47A7-95AC-742C0A967879}.Debug|x64.Build.0 = Debug|Any CPU
		{D2EE9282-9023-47A7-95AC-742C0A967879}.Debug|x86.ActiveCfg = Debug|Any CPU
		{D2EE9282-9023-47A7-95AC-742C0A967879}.Debug|x86.Build.0 = Debug|Any CPU
		{D2EE9282-9023-47A7-95AC-742C0A967879}.Release_Multiplatform|Any CPU.ActiveCfg = Release|Any CPU
		{D2EE9282-9023-47A7-95AC-742C0A967879}.Release_Multiplatform|Any CPU.Build.0 = Release|Any CPU
		{D2EE9282-9023-47A7-95AC-742C0A967879}.Release_Multiplatform|ARM.ActiveCfg = Release|Any CPU
		{D2EE9282-9023-47A7-95AC-742C0A967879}.Release_Multiplatform|ARM.Build.0 = Release|Any CPU
		{D2EE9282-9023-47A7-95AC-742C0A967879}.Release_Multiplatform|ARM64.ActiveCfg = Release|Any CPU
		{D2EE9282-9023-47A7-95AC-742C0A967879}.Release_Multiplatform|ARM64.Build.0 = Release|Any CPU
		{D2EE9282-9023-47A7-95AC-742C0A967879}.Release_Multiplatform|x64.ActiveCfg = Release|Any CPU
		{D2EE9282-9023-47A7-95AC-742C0A967879}.Release_Multiplatform|x64.Build.0 = Release|Any CPU
		{D2EE9282-9023-47A7-95AC-742C0A967879}.Release_Multiplatform|x86.ActiveCfg = Release|Any CPU
		{D2EE9282-9023-47A7-95AC-742C0A967879}.Release_Multiplatform|x86.Build.0 = Release|Any CPU
		{D2EE9282-9023-47A7-95AC-742C0A967879}.Release|Any CPU.ActiveCfg = Release|Any CPU
		{D2EE9282-9023-47A7-95AC-742C0A967879}.Release|Any CPU.Build.0 = Release|Any CPU
		{D2EE9282-9023-47A7-95AC-742C0A967879}.Release|ARM.ActiveCfg = Release|Any CPU
		{D2EE9282-9023-47A7-95AC-742C0A967879}.Release|ARM.Build.0 = Release|Any CPU
		{D2EE9282-9023-47A7-95AC-742C0A967879}.Release|ARM64.ActiveCfg = Release|Any CPU
		{D2EE9282-9023-47A7-95AC-742C0A967879}.Release|ARM64.Build.0 = Release|Any CPU
		{D2EE9282-9023-47A7-95AC-742C0A967879}.Release|x64.ActiveCfg = Release|Any CPU
		{D2EE9282-9023-47A7-95AC-742C0A967879}.Release|x64.Build.0 = Release|Any CPU
		{D2EE9282-9023-47A7-95AC-742C0A967879}.Release|x86.ActiveCfg = Release|Any CPU
		{D2EE9282-9023-47A7-95AC-742C0A967879}.Release|x86.Build.0 = Release|Any CPU
		{A2EF2AD9-3F19-4DE9-87E7-92515690C5D2}.Debug|Any CPU.ActiveCfg = Debug|Any CPU
		{A2EF2AD9-3F19-4DE9-87E7-92515690C5D2}.Debug|Any CPU.Build.0 = Debug|Any CPU
		{A2EF2AD9-3F19-4DE9-87E7-92515690C5D2}.Debug|ARM.ActiveCfg = Debug|Any CPU
		{A2EF2AD9-3F19-4DE9-87E7-92515690C5D2}.Debug|ARM.Build.0 = Debug|Any CPU
		{A2EF2AD9-3F19-4DE9-87E7-92515690C5D2}.Debug|ARM64.ActiveCfg = Debug|Any CPU
		{A2EF2AD9-3F19-4DE9-87E7-92515690C5D2}.Debug|ARM64.Build.0 = Debug|Any CPU
		{A2EF2AD9-3F19-4DE9-87E7-92515690C5D2}.Debug|x64.ActiveCfg = Debug|Any CPU
		{A2EF2AD9-3F19-4DE9-87E7-92515690C5D2}.Debug|x64.Build.0 = Debug|Any CPU
		{A2EF2AD9-3F19-4DE9-87E7-92515690C5D2}.Debug|x86.ActiveCfg = Debug|Any CPU
		{A2EF2AD9-3F19-4DE9-87E7-92515690C5D2}.Debug|x86.Build.0 = Debug|Any CPU
		{A2EF2AD9-3F19-4DE9-87E7-92515690C5D2}.Release_Multiplatform|Any CPU.ActiveCfg = Release|Any CPU
		{A2EF2AD9-3F19-4DE9-87E7-92515690C5D2}.Release_Multiplatform|ARM.ActiveCfg = Release|Any CPU
		{A2EF2AD9-3F19-4DE9-87E7-92515690C5D2}.Release_Multiplatform|ARM.Build.0 = Release|Any CPU
		{A2EF2AD9-3F19-4DE9-87E7-92515690C5D2}.Release_Multiplatform|ARM64.ActiveCfg = Release|Any CPU
		{A2EF2AD9-3F19-4DE9-87E7-92515690C5D2}.Release_Multiplatform|ARM64.Build.0 = Release|Any CPU
		{A2EF2AD9-3F19-4DE9-87E7-92515690C5D2}.Release_Multiplatform|x64.ActiveCfg = Release|Any CPU
		{A2EF2AD9-3F19-4DE9-87E7-92515690C5D2}.Release_Multiplatform|x64.Build.0 = Release|Any CPU
		{A2EF2AD9-3F19-4DE9-87E7-92515690C5D2}.Release_Multiplatform|x86.ActiveCfg = Release|Any CPU
		{A2EF2AD9-3F19-4DE9-87E7-92515690C5D2}.Release_Multiplatform|x86.Build.0 = Release|Any CPU
		{A2EF2AD9-3F19-4DE9-87E7-92515690C5D2}.Release|Any CPU.ActiveCfg = Release|Any CPU
		{A2EF2AD9-3F19-4DE9-87E7-92515690C5D2}.Release|Any CPU.Build.0 = Release|Any CPU
		{A2EF2AD9-3F19-4DE9-87E7-92515690C5D2}.Release|ARM.ActiveCfg = Release|Any CPU
		{A2EF2AD9-3F19-4DE9-87E7-92515690C5D2}.Release|ARM.Build.0 = Release|Any CPU
		{A2EF2AD9-3F19-4DE9-87E7-92515690C5D2}.Release|ARM64.ActiveCfg = Release|Any CPU
		{A2EF2AD9-3F19-4DE9-87E7-92515690C5D2}.Release|ARM64.Build.0 = Release|Any CPU
		{A2EF2AD9-3F19-4DE9-87E7-92515690C5D2}.Release|x64.ActiveCfg = Release|Any CPU
		{A2EF2AD9-3F19-4DE9-87E7-92515690C5D2}.Release|x64.Build.0 = Release|Any CPU
		{A2EF2AD9-3F19-4DE9-87E7-92515690C5D2}.Release|x86.ActiveCfg = Release|Any CPU
		{A2EF2AD9-3F19-4DE9-87E7-92515690C5D2}.Release|x86.Build.0 = Release|Any CPU
		{DB81988F-E0F2-45A0-A1FD-8C37F3D35244}.Debug|Any CPU.ActiveCfg = Debug|Any CPU
		{DB81988F-E0F2-45A0-A1FD-8C37F3D35244}.Debug|Any CPU.Build.0 = Debug|Any CPU
		{DB81988F-E0F2-45A0-A1FD-8C37F3D35244}.Debug|ARM.ActiveCfg = Debug|Any CPU
		{DB81988F-E0F2-45A0-A1FD-8C37F3D35244}.Debug|ARM.Build.0 = Debug|Any CPU
		{DB81988F-E0F2-45A0-A1FD-8C37F3D35244}.Debug|ARM64.ActiveCfg = Debug|Any CPU
		{DB81988F-E0F2-45A0-A1FD-8C37F3D35244}.Debug|ARM64.Build.0 = Debug|Any CPU
		{DB81988F-E0F2-45A0-A1FD-8C37F3D35244}.Debug|x64.ActiveCfg = Debug|Any CPU
		{DB81988F-E0F2-45A0-A1FD-8C37F3D35244}.Debug|x64.Build.0 = Debug|Any CPU
		{DB81988F-E0F2-45A0-A1FD-8C37F3D35244}.Debug|x86.ActiveCfg = Debug|Any CPU
		{DB81988F-E0F2-45A0-A1FD-8C37F3D35244}.Debug|x86.Build.0 = Debug|Any CPU
		{DB81988F-E0F2-45A0-A1FD-8C37F3D35244}.Release_Multiplatform|Any CPU.ActiveCfg = Release|Any CPU
		{DB81988F-E0F2-45A0-A1FD-8C37F3D35244}.Release_Multiplatform|ARM.ActiveCfg = Release|Any CPU
		{DB81988F-E0F2-45A0-A1FD-8C37F3D35244}.Release_Multiplatform|ARM.Build.0 = Release|Any CPU
		{DB81988F-E0F2-45A0-A1FD-8C37F3D35244}.Release_Multiplatform|ARM64.ActiveCfg = Release|Any CPU
		{DB81988F-E0F2-45A0-A1FD-8C37F3D35244}.Release_Multiplatform|ARM64.Build.0 = Release|Any CPU
		{DB81988F-E0F2-45A0-A1FD-8C37F3D35244}.Release_Multiplatform|x64.ActiveCfg = Release|Any CPU
		{DB81988F-E0F2-45A0-A1FD-8C37F3D35244}.Release_Multiplatform|x64.Build.0 = Release|Any CPU
		{DB81988F-E0F2-45A0-A1FD-8C37F3D35244}.Release_Multiplatform|x86.ActiveCfg = Release|Any CPU
		{DB81988F-E0F2-45A0-A1FD-8C37F3D35244}.Release_Multiplatform|x86.Build.0 = Release|Any CPU
		{DB81988F-E0F2-45A0-A1FD-8C37F3D35244}.Release|Any CPU.ActiveCfg = Release|Any CPU
		{DB81988F-E0F2-45A0-A1FD-8C37F3D35244}.Release|Any CPU.Build.0 = Release|Any CPU
		{DB81988F-E0F2-45A0-A1FD-8C37F3D35244}.Release|ARM.ActiveCfg = Release|Any CPU
		{DB81988F-E0F2-45A0-A1FD-8C37F3D35244}.Release|ARM.Build.0 = Release|Any CPU
		{DB81988F-E0F2-45A0-A1FD-8C37F3D35244}.Release|ARM64.ActiveCfg = Release|Any CPU
		{DB81988F-E0F2-45A0-A1FD-8C37F3D35244}.Release|ARM64.Build.0 = Release|Any CPU
		{DB81988F-E0F2-45A0-A1FD-8C37F3D35244}.Release|x64.ActiveCfg = Release|Any CPU
		{DB81988F-E0F2-45A0-A1FD-8C37F3D35244}.Release|x64.Build.0 = Release|Any CPU
		{DB81988F-E0F2-45A0-A1FD-8C37F3D35244}.Release|x86.ActiveCfg = Release|Any CPU
		{DB81988F-E0F2-45A0-A1FD-8C37F3D35244}.Release|x86.Build.0 = Release|Any CPU
		{BA72CCE0-A9FB-4995-B496-7FEC5C87B85B}.Debug|Any CPU.ActiveCfg = Debug|Any CPU
		{BA72CCE0-A9FB-4995-B496-7FEC5C87B85B}.Debug|Any CPU.Build.0 = Debug|Any CPU
		{BA72CCE0-A9FB-4995-B496-7FEC5C87B85B}.Debug|ARM.ActiveCfg = Debug|Any CPU
		{BA72CCE0-A9FB-4995-B496-7FEC5C87B85B}.Debug|ARM.Build.0 = Debug|Any CPU
		{BA72CCE0-A9FB-4995-B496-7FEC5C87B85B}.Debug|ARM64.ActiveCfg = Debug|Any CPU
		{BA72CCE0-A9FB-4995-B496-7FEC5C87B85B}.Debug|ARM64.Build.0 = Debug|Any CPU
		{BA72CCE0-A9FB-4995-B496-7FEC5C87B85B}.Debug|x64.ActiveCfg = Debug|Any CPU
		{BA72CCE0-A9FB-4995-B496-7FEC5C87B85B}.Debug|x64.Build.0 = Debug|Any CPU
		{BA72CCE0-A9FB-4995-B496-7FEC5C87B85B}.Debug|x86.ActiveCfg = Debug|Any CPU
		{BA72CCE0-A9FB-4995-B496-7FEC5C87B85B}.Debug|x86.Build.0 = Debug|Any CPU
		{BA72CCE0-A9FB-4995-B496-7FEC5C87B85B}.Release_Multiplatform|Any CPU.ActiveCfg = Release|Any CPU
		{BA72CCE0-A9FB-4995-B496-7FEC5C87B85B}.Release_Multiplatform|ARM.ActiveCfg = Release|Any CPU
		{BA72CCE0-A9FB-4995-B496-7FEC5C87B85B}.Release_Multiplatform|ARM.Build.0 = Release|Any CPU
		{BA72CCE0-A9FB-4995-B496-7FEC5C87B85B}.Release_Multiplatform|ARM64.ActiveCfg = Release|Any CPU
		{BA72CCE0-A9FB-4995-B496-7FEC5C87B85B}.Release_Multiplatform|ARM64.Build.0 = Release|Any CPU
		{BA72CCE0-A9FB-4995-B496-7FEC5C87B85B}.Release_Multiplatform|x64.ActiveCfg = Release|Any CPU
		{BA72CCE0-A9FB-4995-B496-7FEC5C87B85B}.Release_Multiplatform|x64.Build.0 = Release|Any CPU
		{BA72CCE0-A9FB-4995-B496-7FEC5C87B85B}.Release_Multiplatform|x86.ActiveCfg = Release|Any CPU
		{BA72CCE0-A9FB-4995-B496-7FEC5C87B85B}.Release_Multiplatform|x86.Build.0 = Release|Any CPU
		{BA72CCE0-A9FB-4995-B496-7FEC5C87B85B}.Release|Any CPU.ActiveCfg = Release|Any CPU
		{BA72CCE0-A9FB-4995-B496-7FEC5C87B85B}.Release|Any CPU.Build.0 = Release|Any CPU
		{BA72CCE0-A9FB-4995-B496-7FEC5C87B85B}.Release|ARM.ActiveCfg = Release|Any CPU
		{BA72CCE0-A9FB-4995-B496-7FEC5C87B85B}.Release|ARM.Build.0 = Release|Any CPU
		{BA72CCE0-A9FB-4995-B496-7FEC5C87B85B}.Release|ARM64.ActiveCfg = Release|Any CPU
		{BA72CCE0-A9FB-4995-B496-7FEC5C87B85B}.Release|ARM64.Build.0 = Release|Any CPU
		{BA72CCE0-A9FB-4995-B496-7FEC5C87B85B}.Release|x64.ActiveCfg = Release|Any CPU
		{BA72CCE0-A9FB-4995-B496-7FEC5C87B85B}.Release|x64.Build.0 = Release|Any CPU
		{BA72CCE0-A9FB-4995-B496-7FEC5C87B85B}.Release|x86.ActiveCfg = Release|Any CPU
		{BA72CCE0-A9FB-4995-B496-7FEC5C87B85B}.Release|x86.Build.0 = Release|Any CPU
		{89286EB4-B4A1-418C-839A-067B00F442D8}.Debug|Any CPU.ActiveCfg = Debug|Any CPU
		{89286EB4-B4A1-418C-839A-067B00F442D8}.Debug|Any CPU.Build.0 = Debug|Any CPU
		{89286EB4-B4A1-418C-839A-067B00F442D8}.Debug|ARM.ActiveCfg = Debug|Any CPU
		{89286EB4-B4A1-418C-839A-067B00F442D8}.Debug|ARM.Build.0 = Debug|Any CPU
		{89286EB4-B4A1-418C-839A-067B00F442D8}.Debug|ARM64.ActiveCfg = Debug|Any CPU
		{89286EB4-B4A1-418C-839A-067B00F442D8}.Debug|ARM64.Build.0 = Debug|Any CPU
		{89286EB4-B4A1-418C-839A-067B00F442D8}.Debug|x64.ActiveCfg = Debug|Any CPU
		{89286EB4-B4A1-418C-839A-067B00F442D8}.Debug|x64.Build.0 = Debug|Any CPU
		{89286EB4-B4A1-418C-839A-067B00F442D8}.Debug|x86.ActiveCfg = Debug|Any CPU
		{89286EB4-B4A1-418C-839A-067B00F442D8}.Debug|x86.Build.0 = Debug|Any CPU
		{89286EB4-B4A1-418C-839A-067B00F442D8}.Release_Multiplatform|Any CPU.ActiveCfg = Release|Any CPU
		{89286EB4-B4A1-418C-839A-067B00F442D8}.Release_Multiplatform|ARM.ActiveCfg = Release|Any CPU
		{89286EB4-B4A1-418C-839A-067B00F442D8}.Release_Multiplatform|ARM.Build.0 = Release|Any CPU
		{89286EB4-B4A1-418C-839A-067B00F442D8}.Release_Multiplatform|ARM64.ActiveCfg = Release|Any CPU
		{89286EB4-B4A1-418C-839A-067B00F442D8}.Release_Multiplatform|ARM64.Build.0 = Release|Any CPU
		{89286EB4-B4A1-418C-839A-067B00F442D8}.Release_Multiplatform|x64.ActiveCfg = Release|Any CPU
		{89286EB4-B4A1-418C-839A-067B00F442D8}.Release_Multiplatform|x64.Build.0 = Release|Any CPU
		{89286EB4-B4A1-418C-839A-067B00F442D8}.Release_Multiplatform|x86.ActiveCfg = Release|Any CPU
		{89286EB4-B4A1-418C-839A-067B00F442D8}.Release_Multiplatform|x86.Build.0 = Release|Any CPU
		{89286EB4-B4A1-418C-839A-067B00F442D8}.Release|Any CPU.ActiveCfg = Release|Any CPU
		{89286EB4-B4A1-418C-839A-067B00F442D8}.Release|Any CPU.Build.0 = Release|Any CPU
		{89286EB4-B4A1-418C-839A-067B00F442D8}.Release|ARM.ActiveCfg = Release|Any CPU
		{89286EB4-B4A1-418C-839A-067B00F442D8}.Release|ARM.Build.0 = Release|Any CPU
		{89286EB4-B4A1-418C-839A-067B00F442D8}.Release|ARM64.ActiveCfg = Release|Any CPU
		{89286EB4-B4A1-418C-839A-067B00F442D8}.Release|ARM64.Build.0 = Release|Any CPU
		{89286EB4-B4A1-418C-839A-067B00F442D8}.Release|x64.ActiveCfg = Release|Any CPU
		{89286EB4-B4A1-418C-839A-067B00F442D8}.Release|x64.Build.0 = Release|Any CPU
		{89286EB4-B4A1-418C-839A-067B00F442D8}.Release|x86.ActiveCfg = Release|Any CPU
		{89286EB4-B4A1-418C-839A-067B00F442D8}.Release|x86.Build.0 = Release|Any CPU
		{B3FC3E21-5F2D-4581-AEA2-59F671CFFC21}.Debug|Any CPU.ActiveCfg = Debug|Any CPU
		{B3FC3E21-5F2D-4581-AEA2-59F671CFFC21}.Debug|Any CPU.Build.0 = Debug|Any CPU
		{B3FC3E21-5F2D-4581-AEA2-59F671CFFC21}.Debug|ARM.ActiveCfg = Debug|Any CPU
		{B3FC3E21-5F2D-4581-AEA2-59F671CFFC21}.Debug|ARM.Build.0 = Debug|Any CPU
		{B3FC3E21-5F2D-4581-AEA2-59F671CFFC21}.Debug|ARM64.ActiveCfg = Debug|Any CPU
		{B3FC3E21-5F2D-4581-AEA2-59F671CFFC21}.Debug|ARM64.Build.0 = Debug|Any CPU
		{B3FC3E21-5F2D-4581-AEA2-59F671CFFC21}.Debug|x64.ActiveCfg = Debug|Any CPU
		{B3FC3E21-5F2D-4581-AEA2-59F671CFFC21}.Debug|x64.Build.0 = Debug|Any CPU
		{B3FC3E21-5F2D-4581-AEA2-59F671CFFC21}.Debug|x86.ActiveCfg = Debug|Any CPU
		{B3FC3E21-5F2D-4581-AEA2-59F671CFFC21}.Debug|x86.Build.0 = Debug|Any CPU
		{B3FC3E21-5F2D-4581-AEA2-59F671CFFC21}.Release_Multiplatform|Any CPU.ActiveCfg = Release|Any CPU
		{B3FC3E21-5F2D-4581-AEA2-59F671CFFC21}.Release_Multiplatform|ARM.ActiveCfg = Release|Any CPU
		{B3FC3E21-5F2D-4581-AEA2-59F671CFFC21}.Release_Multiplatform|ARM.Build.0 = Release|Any CPU
		{B3FC3E21-5F2D-4581-AEA2-59F671CFFC21}.Release_Multiplatform|ARM64.ActiveCfg = Release|Any CPU
		{B3FC3E21-5F2D-4581-AEA2-59F671CFFC21}.Release_Multiplatform|ARM64.Build.0 = Release|Any CPU
		{B3FC3E21-5F2D-4581-AEA2-59F671CFFC21}.Release_Multiplatform|x64.ActiveCfg = Release|Any CPU
		{B3FC3E21-5F2D-4581-AEA2-59F671CFFC21}.Release_Multiplatform|x64.Build.0 = Release|Any CPU
		{B3FC3E21-5F2D-4581-AEA2-59F671CFFC21}.Release_Multiplatform|x86.ActiveCfg = Release|Any CPU
		{B3FC3E21-5F2D-4581-AEA2-59F671CFFC21}.Release_Multiplatform|x86.Build.0 = Release|Any CPU
		{B3FC3E21-5F2D-4581-AEA2-59F671CFFC21}.Release|Any CPU.ActiveCfg = Release|Any CPU
		{B3FC3E21-5F2D-4581-AEA2-59F671CFFC21}.Release|Any CPU.Build.0 = Release|Any CPU
		{B3FC3E21-5F2D-4581-AEA2-59F671CFFC21}.Release|ARM.ActiveCfg = Release|Any CPU
		{B3FC3E21-5F2D-4581-AEA2-59F671CFFC21}.Release|ARM.Build.0 = Release|Any CPU
		{B3FC3E21-5F2D-4581-AEA2-59F671CFFC21}.Release|ARM64.ActiveCfg = Release|Any CPU
		{B3FC3E21-5F2D-4581-AEA2-59F671CFFC21}.Release|ARM64.Build.0 = Release|Any CPU
		{B3FC3E21-5F2D-4581-AEA2-59F671CFFC21}.Release|x64.ActiveCfg = Release|Any CPU
		{B3FC3E21-5F2D-4581-AEA2-59F671CFFC21}.Release|x64.Build.0 = Release|Any CPU
		{B3FC3E21-5F2D-4581-AEA2-59F671CFFC21}.Release|x86.ActiveCfg = Release|Any CPU
		{B3FC3E21-5F2D-4581-AEA2-59F671CFFC21}.Release|x86.Build.0 = Release|Any CPU
		{53F6DE94-5F4D-485C-B392-11A3C8C31454}.Debug|Any CPU.ActiveCfg = Debug|Any CPU
		{53F6DE94-5F4D-485C-B392-11A3C8C31454}.Debug|Any CPU.Build.0 = Debug|Any CPU
		{53F6DE94-5F4D-485C-B392-11A3C8C31454}.Debug|ARM.ActiveCfg = Debug|ARM
		{53F6DE94-5F4D-485C-B392-11A3C8C31454}.Debug|ARM.Build.0 = Debug|ARM
		{53F6DE94-5F4D-485C-B392-11A3C8C31454}.Debug|ARM64.ActiveCfg = Debug|ARM64
		{53F6DE94-5F4D-485C-B392-11A3C8C31454}.Debug|ARM64.Build.0 = Debug|ARM64
		{53F6DE94-5F4D-485C-B392-11A3C8C31454}.Debug|x64.ActiveCfg = Debug|x64
		{53F6DE94-5F4D-485C-B392-11A3C8C31454}.Debug|x64.Build.0 = Debug|x64
		{53F6DE94-5F4D-485C-B392-11A3C8C31454}.Debug|x86.ActiveCfg = Debug|x86
		{53F6DE94-5F4D-485C-B392-11A3C8C31454}.Debug|x86.Build.0 = Debug|x86
		{53F6DE94-5F4D-485C-B392-11A3C8C31454}.Release_Multiplatform|Any CPU.ActiveCfg = Release|Any CPU
		{53F6DE94-5F4D-485C-B392-11A3C8C31454}.Release_Multiplatform|Any CPU.Build.0 = Release|Any CPU
		{53F6DE94-5F4D-485C-B392-11A3C8C31454}.Release_Multiplatform|ARM.ActiveCfg = Release|ARM
		{53F6DE94-5F4D-485C-B392-11A3C8C31454}.Release_Multiplatform|ARM.Build.0 = Release|ARM
		{53F6DE94-5F4D-485C-B392-11A3C8C31454}.Release_Multiplatform|ARM64.ActiveCfg = Release|ARM64
		{53F6DE94-5F4D-485C-B392-11A3C8C31454}.Release_Multiplatform|ARM64.Build.0 = Release|ARM64
		{53F6DE94-5F4D-485C-B392-11A3C8C31454}.Release_Multiplatform|x64.ActiveCfg = Release|x64
		{53F6DE94-5F4D-485C-B392-11A3C8C31454}.Release_Multiplatform|x64.Build.0 = Release|x64
		{53F6DE94-5F4D-485C-B392-11A3C8C31454}.Release_Multiplatform|x86.ActiveCfg = Release|x86
		{53F6DE94-5F4D-485C-B392-11A3C8C31454}.Release_Multiplatform|x86.Build.0 = Release|x86
		{53F6DE94-5F4D-485C-B392-11A3C8C31454}.Release|Any CPU.ActiveCfg = Release|Any CPU
		{53F6DE94-5F4D-485C-B392-11A3C8C31454}.Release|Any CPU.Build.0 = Release|Any CPU
		{53F6DE94-5F4D-485C-B392-11A3C8C31454}.Release|ARM.ActiveCfg = Release|ARM
		{53F6DE94-5F4D-485C-B392-11A3C8C31454}.Release|ARM.Build.0 = Release|ARM
		{53F6DE94-5F4D-485C-B392-11A3C8C31454}.Release|ARM64.ActiveCfg = Release|ARM64
		{53F6DE94-5F4D-485C-B392-11A3C8C31454}.Release|ARM64.Build.0 = Release|ARM64
		{53F6DE94-5F4D-485C-B392-11A3C8C31454}.Release|x64.ActiveCfg = Release|x64
		{53F6DE94-5F4D-485C-B392-11A3C8C31454}.Release|x64.Build.0 = Release|x64
		{53F6DE94-5F4D-485C-B392-11A3C8C31454}.Release|x86.ActiveCfg = Release|x86
		{53F6DE94-5F4D-485C-B392-11A3C8C31454}.Release|x86.Build.0 = Release|x86
		{081627D2-5BCD-4A7D-9425-E1453BDCF428}.Debug|Any CPU.ActiveCfg = Debug|Any CPU
		{081627D2-5BCD-4A7D-9425-E1453BDCF428}.Debug|Any CPU.Build.0 = Debug|Any CPU
		{081627D2-5BCD-4A7D-9425-E1453BDCF428}.Debug|ARM.ActiveCfg = Debug|Any CPU
		{081627D2-5BCD-4A7D-9425-E1453BDCF428}.Debug|ARM.Build.0 = Debug|Any CPU
		{081627D2-5BCD-4A7D-9425-E1453BDCF428}.Debug|ARM64.ActiveCfg = Debug|Any CPU
		{081627D2-5BCD-4A7D-9425-E1453BDCF428}.Debug|ARM64.Build.0 = Debug|Any CPU
		{081627D2-5BCD-4A7D-9425-E1453BDCF428}.Debug|x64.ActiveCfg = Debug|Any CPU
		{081627D2-5BCD-4A7D-9425-E1453BDCF428}.Debug|x64.Build.0 = Debug|Any CPU
		{081627D2-5BCD-4A7D-9425-E1453BDCF428}.Debug|x86.ActiveCfg = Debug|Any CPU
		{081627D2-5BCD-4A7D-9425-E1453BDCF428}.Debug|x86.Build.0 = Debug|Any CPU
		{081627D2-5BCD-4A7D-9425-E1453BDCF428}.Release_Multiplatform|Any CPU.ActiveCfg = Release|Any CPU
		{081627D2-5BCD-4A7D-9425-E1453BDCF428}.Release_Multiplatform|Any CPU.Build.0 = Release|Any CPU
		{081627D2-5BCD-4A7D-9425-E1453BDCF428}.Release_Multiplatform|ARM.ActiveCfg = Release|Any CPU
		{081627D2-5BCD-4A7D-9425-E1453BDCF428}.Release_Multiplatform|ARM.Build.0 = Release|Any CPU
		{081627D2-5BCD-4A7D-9425-E1453BDCF428}.Release_Multiplatform|ARM64.ActiveCfg = Release|Any CPU
		{081627D2-5BCD-4A7D-9425-E1453BDCF428}.Release_Multiplatform|ARM64.Build.0 = Release|Any CPU
		{081627D2-5BCD-4A7D-9425-E1453BDCF428}.Release_Multiplatform|x64.ActiveCfg = Release|Any CPU
		{081627D2-5BCD-4A7D-9425-E1453BDCF428}.Release_Multiplatform|x64.Build.0 = Release|Any CPU
		{081627D2-5BCD-4A7D-9425-E1453BDCF428}.Release_Multiplatform|x86.ActiveCfg = Release|Any CPU
		{081627D2-5BCD-4A7D-9425-E1453BDCF428}.Release_Multiplatform|x86.Build.0 = Release|Any CPU
		{081627D2-5BCD-4A7D-9425-E1453BDCF428}.Release|Any CPU.ActiveCfg = Release|Any CPU
		{081627D2-5BCD-4A7D-9425-E1453BDCF428}.Release|Any CPU.Build.0 = Release|Any CPU
		{081627D2-5BCD-4A7D-9425-E1453BDCF428}.Release|ARM.ActiveCfg = Release|Any CPU
		{081627D2-5BCD-4A7D-9425-E1453BDCF428}.Release|ARM.Build.0 = Release|Any CPU
		{081627D2-5BCD-4A7D-9425-E1453BDCF428}.Release|ARM64.ActiveCfg = Release|Any CPU
		{081627D2-5BCD-4A7D-9425-E1453BDCF428}.Release|ARM64.Build.0 = Release|Any CPU
		{081627D2-5BCD-4A7D-9425-E1453BDCF428}.Release|x64.ActiveCfg = Release|Any CPU
		{081627D2-5BCD-4A7D-9425-E1453BDCF428}.Release|x64.Build.0 = Release|Any CPU
		{081627D2-5BCD-4A7D-9425-E1453BDCF428}.Release|x86.ActiveCfg = Release|Any CPU
		{081627D2-5BCD-4A7D-9425-E1453BDCF428}.Release|x86.Build.0 = Release|Any CPU
		{995C717D-6D69-4A59-A014-F72C37B45405}.Debug|Any CPU.ActiveCfg = Debug|Any CPU
		{995C717D-6D69-4A59-A014-F72C37B45405}.Debug|Any CPU.Build.0 = Debug|Any CPU
		{995C717D-6D69-4A59-A014-F72C37B45405}.Debug|ARM.ActiveCfg = Debug|Any CPU
		{995C717D-6D69-4A59-A014-F72C37B45405}.Debug|ARM.Build.0 = Debug|Any CPU
		{995C717D-6D69-4A59-A014-F72C37B45405}.Debug|ARM64.ActiveCfg = Debug|Any CPU
		{995C717D-6D69-4A59-A014-F72C37B45405}.Debug|ARM64.Build.0 = Debug|Any CPU
		{995C717D-6D69-4A59-A014-F72C37B45405}.Debug|x64.ActiveCfg = Debug|Any CPU
		{995C717D-6D69-4A59-A014-F72C37B45405}.Debug|x64.Build.0 = Debug|Any CPU
		{995C717D-6D69-4A59-A014-F72C37B45405}.Debug|x86.ActiveCfg = Debug|Any CPU
		{995C717D-6D69-4A59-A014-F72C37B45405}.Debug|x86.Build.0 = Debug|Any CPU
		{995C717D-6D69-4A59-A014-F72C37B45405}.Release_Multiplatform|Any CPU.ActiveCfg = Release|Any CPU
		{995C717D-6D69-4A59-A014-F72C37B45405}.Release_Multiplatform|Any CPU.Build.0 = Release|Any CPU
		{995C717D-6D69-4A59-A014-F72C37B45405}.Release_Multiplatform|ARM.ActiveCfg = Release|Any CPU
		{995C717D-6D69-4A59-A014-F72C37B45405}.Release_Multiplatform|ARM.Build.0 = Release|Any CPU
		{995C717D-6D69-4A59-A014-F72C37B45405}.Release_Multiplatform|ARM64.ActiveCfg = Release|Any CPU
		{995C717D-6D69-4A59-A014-F72C37B45405}.Release_Multiplatform|ARM64.Build.0 = Release|Any CPU
		{995C717D-6D69-4A59-A014-F72C37B45405}.Release_Multiplatform|x64.ActiveCfg = Release|Any CPU
		{995C717D-6D69-4A59-A014-F72C37B45405}.Release_Multiplatform|x64.Build.0 = Release|Any CPU
		{995C717D-6D69-4A59-A014-F72C37B45405}.Release_Multiplatform|x86.ActiveCfg = Release|Any CPU
		{995C717D-6D69-4A59-A014-F72C37B45405}.Release_Multiplatform|x86.Build.0 = Release|Any CPU
		{995C717D-6D69-4A59-A014-F72C37B45405}.Release|Any CPU.ActiveCfg = Release|Any CPU
		{995C717D-6D69-4A59-A014-F72C37B45405}.Release|Any CPU.Build.0 = Release|Any CPU
		{995C717D-6D69-4A59-A014-F72C37B45405}.Release|ARM.ActiveCfg = Release|Any CPU
		{995C717D-6D69-4A59-A014-F72C37B45405}.Release|ARM.Build.0 = Release|Any CPU
		{995C717D-6D69-4A59-A014-F72C37B45405}.Release|ARM64.ActiveCfg = Release|Any CPU
		{995C717D-6D69-4A59-A014-F72C37B45405}.Release|ARM64.Build.0 = Release|Any CPU
		{995C717D-6D69-4A59-A014-F72C37B45405}.Release|x64.ActiveCfg = Release|Any CPU
		{995C717D-6D69-4A59-A014-F72C37B45405}.Release|x64.Build.0 = Release|Any CPU
		{995C717D-6D69-4A59-A014-F72C37B45405}.Release|x86.ActiveCfg = Release|Any CPU
		{995C717D-6D69-4A59-A014-F72C37B45405}.Release|x86.Build.0 = Release|Any CPU
		{DD224120-3C77-4C2D-A6A8-705D2FAD8936}.Debug|Any CPU.ActiveCfg = Debug|Any CPU
		{DD224120-3C77-4C2D-A6A8-705D2FAD8936}.Debug|Any CPU.Build.0 = Debug|Any CPU
		{DD224120-3C77-4C2D-A6A8-705D2FAD8936}.Debug|ARM.ActiveCfg = Debug|Any CPU
		{DD224120-3C77-4C2D-A6A8-705D2FAD8936}.Debug|ARM.Build.0 = Debug|Any CPU
		{DD224120-3C77-4C2D-A6A8-705D2FAD8936}.Debug|ARM64.ActiveCfg = Debug|Any CPU
		{DD224120-3C77-4C2D-A6A8-705D2FAD8936}.Debug|ARM64.Build.0 = Debug|Any CPU
		{DD224120-3C77-4C2D-A6A8-705D2FAD8936}.Debug|x64.ActiveCfg = Debug|Any CPU
		{DD224120-3C77-4C2D-A6A8-705D2FAD8936}.Debug|x64.Build.0 = Debug|Any CPU
		{DD224120-3C77-4C2D-A6A8-705D2FAD8936}.Debug|x86.ActiveCfg = Debug|Any CPU
		{DD224120-3C77-4C2D-A6A8-705D2FAD8936}.Debug|x86.Build.0 = Debug|Any CPU
		{DD224120-3C77-4C2D-A6A8-705D2FAD8936}.Release_Multiplatform|Any CPU.ActiveCfg = Release|Any CPU
		{DD224120-3C77-4C2D-A6A8-705D2FAD8936}.Release_Multiplatform|Any CPU.Build.0 = Release|Any CPU
		{DD224120-3C77-4C2D-A6A8-705D2FAD8936}.Release_Multiplatform|ARM.ActiveCfg = Release|Any CPU
		{DD224120-3C77-4C2D-A6A8-705D2FAD8936}.Release_Multiplatform|ARM.Build.0 = Release|Any CPU
		{DD224120-3C77-4C2D-A6A8-705D2FAD8936}.Release_Multiplatform|ARM64.ActiveCfg = Release|Any CPU
		{DD224120-3C77-4C2D-A6A8-705D2FAD8936}.Release_Multiplatform|ARM64.Build.0 = Release|Any CPU
		{DD224120-3C77-4C2D-A6A8-705D2FAD8936}.Release_Multiplatform|x64.ActiveCfg = Release|Any CPU
		{DD224120-3C77-4C2D-A6A8-705D2FAD8936}.Release_Multiplatform|x64.Build.0 = Release|Any CPU
		{DD224120-3C77-4C2D-A6A8-705D2FAD8936}.Release_Multiplatform|x86.ActiveCfg = Release|Any CPU
		{DD224120-3C77-4C2D-A6A8-705D2FAD8936}.Release_Multiplatform|x86.Build.0 = Release|Any CPU
		{DD224120-3C77-4C2D-A6A8-705D2FAD8936}.Release|Any CPU.ActiveCfg = Release|Any CPU
		{DD224120-3C77-4C2D-A6A8-705D2FAD8936}.Release|Any CPU.Build.0 = Release|Any CPU
		{DD224120-3C77-4C2D-A6A8-705D2FAD8936}.Release|ARM.ActiveCfg = Release|Any CPU
		{DD224120-3C77-4C2D-A6A8-705D2FAD8936}.Release|ARM.Build.0 = Release|Any CPU
		{DD224120-3C77-4C2D-A6A8-705D2FAD8936}.Release|ARM64.ActiveCfg = Release|Any CPU
		{DD224120-3C77-4C2D-A6A8-705D2FAD8936}.Release|ARM64.Build.0 = Release|Any CPU
		{DD224120-3C77-4C2D-A6A8-705D2FAD8936}.Release|x64.ActiveCfg = Release|Any CPU
		{DD224120-3C77-4C2D-A6A8-705D2FAD8936}.Release|x64.Build.0 = Release|Any CPU
		{DD224120-3C77-4C2D-A6A8-705D2FAD8936}.Release|x86.ActiveCfg = Release|Any CPU
		{DD224120-3C77-4C2D-A6A8-705D2FAD8936}.Release|x86.Build.0 = Release|Any CPU
		{35FBD383-F754-4E4E-9A1F-F6EAB6A6EB09}.Debug|Any CPU.ActiveCfg = Debug|Any CPU
		{35FBD383-F754-4E4E-9A1F-F6EAB6A6EB09}.Debug|Any CPU.Build.0 = Debug|Any CPU
		{35FBD383-F754-4E4E-9A1F-F6EAB6A6EB09}.Debug|ARM.ActiveCfg = Debug|Any CPU
		{35FBD383-F754-4E4E-9A1F-F6EAB6A6EB09}.Debug|ARM.Build.0 = Debug|Any CPU
		{35FBD383-F754-4E4E-9A1F-F6EAB6A6EB09}.Debug|ARM64.ActiveCfg = Debug|Any CPU
		{35FBD383-F754-4E4E-9A1F-F6EAB6A6EB09}.Debug|ARM64.Build.0 = Debug|Any CPU
		{35FBD383-F754-4E4E-9A1F-F6EAB6A6EB09}.Debug|x64.ActiveCfg = Debug|Any CPU
		{35FBD383-F754-4E4E-9A1F-F6EAB6A6EB09}.Debug|x64.Build.0 = Debug|Any CPU
		{35FBD383-F754-4E4E-9A1F-F6EAB6A6EB09}.Debug|x86.ActiveCfg = Debug|Any CPU
		{35FBD383-F754-4E4E-9A1F-F6EAB6A6EB09}.Debug|x86.Build.0 = Debug|Any CPU
		{35FBD383-F754-4E4E-9A1F-F6EAB6A6EB09}.Release_Multiplatform|Any CPU.ActiveCfg = Release|Any CPU
		{35FBD383-F754-4E4E-9A1F-F6EAB6A6EB09}.Release_Multiplatform|Any CPU.Build.0 = Release|Any CPU
		{35FBD383-F754-4E4E-9A1F-F6EAB6A6EB09}.Release_Multiplatform|ARM.ActiveCfg = Release|Any CPU
		{35FBD383-F754-4E4E-9A1F-F6EAB6A6EB09}.Release_Multiplatform|ARM.Build.0 = Release|Any CPU
		{35FBD383-F754-4E4E-9A1F-F6EAB6A6EB09}.Release_Multiplatform|ARM64.ActiveCfg = Release|Any CPU
		{35FBD383-F754-4E4E-9A1F-F6EAB6A6EB09}.Release_Multiplatform|ARM64.Build.0 = Release|Any CPU
		{35FBD383-F754-4E4E-9A1F-F6EAB6A6EB09}.Release_Multiplatform|x64.ActiveCfg = Release|Any CPU
		{35FBD383-F754-4E4E-9A1F-F6EAB6A6EB09}.Release_Multiplatform|x64.Build.0 = Release|Any CPU
		{35FBD383-F754-4E4E-9A1F-F6EAB6A6EB09}.Release_Multiplatform|x86.ActiveCfg = Release|Any CPU
		{35FBD383-F754-4E4E-9A1F-F6EAB6A6EB09}.Release_Multiplatform|x86.Build.0 = Release|Any CPU
		{35FBD383-F754-4E4E-9A1F-F6EAB6A6EB09}.Release|Any CPU.ActiveCfg = Release|Any CPU
		{35FBD383-F754-4E4E-9A1F-F6EAB6A6EB09}.Release|Any CPU.Build.0 = Release|Any CPU
		{35FBD383-F754-4E4E-9A1F-F6EAB6A6EB09}.Release|ARM.ActiveCfg = Release|Any CPU
		{35FBD383-F754-4E4E-9A1F-F6EAB6A6EB09}.Release|ARM.Build.0 = Release|Any CPU
		{35FBD383-F754-4E4E-9A1F-F6EAB6A6EB09}.Release|ARM64.ActiveCfg = Release|Any CPU
		{35FBD383-F754-4E4E-9A1F-F6EAB6A6EB09}.Release|ARM64.Build.0 = Release|Any CPU
		{35FBD383-F754-4E4E-9A1F-F6EAB6A6EB09}.Release|x64.ActiveCfg = Release|Any CPU
		{35FBD383-F754-4E4E-9A1F-F6EAB6A6EB09}.Release|x64.Build.0 = Release|Any CPU
		{35FBD383-F754-4E4E-9A1F-F6EAB6A6EB09}.Release|x86.ActiveCfg = Release|Any CPU
		{35FBD383-F754-4E4E-9A1F-F6EAB6A6EB09}.Release|x86.Build.0 = Release|Any CPU
	EndGlobalSection
	GlobalSection(SolutionProperties) = preSolution
		HideSolutionNode = FALSE
	EndGlobalSection
	GlobalSection(NestedProjects) = preSolution
		{A2EF2AD9-3F19-4DE9-87E7-92515690C5D2} = {55FAE16F-C97A-4F28-B3CB-EAD6DC3E6D8F}
		{DB81988F-E0F2-45A0-A1FD-8C37F3D35244} = {55FAE16F-C97A-4F28-B3CB-EAD6DC3E6D8F}
		{BA72CCE0-A9FB-4995-B496-7FEC5C87B85B} = {55FAE16F-C97A-4F28-B3CB-EAD6DC3E6D8F}
		{89286EB4-B4A1-418C-839A-067B00F442D8} = {55FAE16F-C97A-4F28-B3CB-EAD6DC3E6D8F}
		{B3FC3E21-5F2D-4581-AEA2-59F671CFFC21} = {55FAE16F-C97A-4F28-B3CB-EAD6DC3E6D8F}
	EndGlobalSection
	GlobalSection(ExtensibilityGlobals) = postSolution
		SolutionGuid = {F9111D02-6686-4C78-A576-F826925964E2}
	EndGlobalSection
EndGlobal
