
Microsoft Visual Studio Solution File, Format Version 12.00
# Visual Studio Version 17
VisualStudioVersion = 17.4.33213.308
MinimumVisualStudioVersion = 10.0.40219.1
Project("{FAE04EC0-301F-11D3-BF4B-00C04F79EFBC}") = "Ssz.DataAccessGrpcClient_OpcServer.Common", "Ssz.DataAccessGrpcClient_OpcServer.Common\Ssz.DataAccessGrpcClient_OpcServer.Common.csproj", "{9ACC4E31-9346-4458-9332-2F06F290C855}"
EndProject
Project("{2150E333-8FDC-42A3-9474-1A3956D46DE8}") = "Ssz", "Ssz", "{E7AB137C-46AC-4426-9333-2FE746007131}"
EndProject
Project("{9A19103F-16F7-4668-BE54-9A1E7A4F7556}") = "Ssz.Utils", "..\Ssz.Utils\Ssz.Utils.csproj", "{A86C5A82-EE13-4080-B61A-7748321DA0B0}"
EndProject
Project("{9A19103F-16F7-4668-BE54-9A1E7A4F7556}") = "Ssz.DataAccessGrpc.Client", "..\Ssz.DataAccessGrpc.Client\Ssz.DataAccessGrpc.Client.csproj", "{FE6737A8-F52C-4D57-9F68-D630252F55DE}"
EndProject
Project("{8BC9CEB8-8B4A-11D0-8D11-00A0C91BC942}") = "Ssz_DataAccessGrpcClient_OpcServer", "Ssz.DataAccessGrpcClient_OpcServer\Ssz_DataAccessGrpcClient_OpcServer.vcxproj", "{0F320866-D46E-4275-9032-4D682C2D9F60}"
EndProject
Project("{2150E333-8FDC-42A3-9474-1A3956D46DE8}") = "ThirdParties", "ThirdParties", "{BCE9BA49-40F0-4E22-B694-9440DAA2B5FC}"
EndProject
Project("{9A19103F-16F7-4668-BE54-9A1E7A4F7556}") = "YamlDotNet", "..\ThirdParties\YamlDotNet\YamlDotNet.csproj", "{5375B1E7-E39A-4C53-B859-80DBAD73F2C5}"
EndProject
Project("{FAE04EC0-301F-11D3-BF4B-00C04F79EFBC}") = "Ssz.DataAccessGrpc.Common", "..\Ssz.DataAccessGrpc.Common\Ssz.DataAccessGrpc.Common.csproj", "{4F3F2430-581A-E5D5-0686-AAEDE1A5C8D9}"
EndProject
Global
	GlobalSection(SolutionConfigurationPlatforms) = preSolution
		Debug|x64 = Debug|x64
		Debug|x86 = Debug|x86
		Release|x64 = Release|x64
		Release|x86 = Release|x86
	EndGlobalSection
	GlobalSection(ProjectConfigurationPlatforms) = postSolution
		{9ACC4E31-9346-4458-9332-2F06F290C855}.Debug|x64.ActiveCfg = Debug|Any CPU
		{9ACC4E31-9346-4458-9332-2F06F290C855}.Debug|x64.Build.0 = Debug|Any CPU
		{9ACC4E31-9346-4458-9332-2F06F290C855}.Debug|x86.ActiveCfg = Debug|x86
		{9ACC4E31-9346-4458-9332-2F06F290C855}.Debug|x86.Build.0 = Debug|x86
		{9ACC4E31-9346-4458-9332-2F06F290C855}.Release|x64.ActiveCfg = Release|Any CPU
		{9ACC4E31-9346-4458-9332-2F06F290C855}.Release|x64.Build.0 = Release|Any CPU
		{9ACC4E31-9346-4458-9332-2F06F290C855}.Release|x86.ActiveCfg = Release|x86
		{9ACC4E31-9346-4458-9332-2F06F290C855}.Release|x86.Build.0 = Release|x86
		{A86C5A82-EE13-4080-B61A-7748321DA0B0}.Debug|x64.ActiveCfg = Debug|Any CPU
		{A86C5A82-EE13-4080-B61A-7748321DA0B0}.Debug|x64.Build.0 = Debug|Any CPU
		{A86C5A82-EE13-4080-B61A-7748321DA0B0}.Debug|x86.ActiveCfg = Debug|x86
		{A86C5A82-EE13-4080-B61A-7748321DA0B0}.Debug|x86.Build.0 = Debug|x86
		{A86C5A82-EE13-4080-B61A-7748321DA0B0}.Release|x64.ActiveCfg = Release|Any CPU
		{A86C5A82-EE13-4080-B61A-7748321DA0B0}.Release|x64.Build.0 = Release|Any CPU
		{A86C5A82-EE13-4080-B61A-7748321DA0B0}.Release|x86.ActiveCfg = Release|x86
		{A86C5A82-EE13-4080-B61A-7748321DA0B0}.Release|x86.Build.0 = Release|x86
		{FE6737A8-F52C-4D57-9F68-D630252F55DE}.Debug|x64.ActiveCfg = Debug|Any CPU
		{FE6737A8-F52C-4D57-9F68-D630252F55DE}.Debug|x64.Build.0 = Debug|Any CPU
		{FE6737A8-F52C-4D57-9F68-D630252F55DE}.Debug|x86.ActiveCfg = Debug|x86
		{FE6737A8-F52C-4D57-9F68-D630252F55DE}.Debug|x86.Build.0 = Debug|x86
		{FE6737A8-F52C-4D57-9F68-D630252F55DE}.Release|x64.ActiveCfg = Release|Any CPU
		{FE6737A8-F52C-4D57-9F68-D630252F55DE}.Release|x64.Build.0 = Release|Any CPU
		{FE6737A8-F52C-4D57-9F68-D630252F55DE}.Release|x86.ActiveCfg = Release|x86
		{FE6737A8-F52C-4D57-9F68-D630252F55DE}.Release|x86.Build.0 = Release|x86
		{0F320866-D46E-4275-9032-4D682C2D9F60}.Debug|x64.ActiveCfg = Debug|Win32
		{0F320866-D46E-4275-9032-4D682C2D9F60}.Debug|x64.Build.0 = Debug|Win32
		{0F320866-D46E-4275-9032-4D682C2D9F60}.Debug|x86.ActiveCfg = Debug|Win32
		{0F320866-D46E-4275-9032-4D682C2D9F60}.Debug|x86.Build.0 = Debug|Win32
		{0F320866-D46E-4275-9032-4D682C2D9F60}.Release|x64.ActiveCfg = Release|Win32
		{0F320866-D46E-4275-9032-4D682C2D9F60}.Release|x64.Build.0 = Release|Win32
		{0F320866-D46E-4275-9032-4D682C2D9F60}.Release|x86.ActiveCfg = Release|Win32
		{0F320866-D46E-4275-9032-4D682C2D9F60}.Release|x86.Build.0 = Release|Win32
		{5375B1E7-E39A-4C53-B859-80DBAD73F2C5}.Debug|x64.ActiveCfg = Debug|Any CPU
		{5375B1E7-E39A-4C53-B859-80DBAD73F2C5}.Debug|x64.Build.0 = Debug|Any CPU
		{5375B1E7-E39A-4C53-B859-80DBAD73F2C5}.Debug|x86.ActiveCfg = Debug|x86
		{5375B1E7-E39A-4C53-B859-80DBAD73F2C5}.Debug|x86.Build.0 = Debug|x86
		{5375B1E7-E39A-4C53-B859-80DBAD73F2C5}.Release|x64.ActiveCfg = Release|Any CPU
		{5375B1E7-E39A-4C53-B859-80DBAD73F2C5}.Release|x64.Build.0 = Release|Any CPU
		{5375B1E7-E39A-4C53-B859-80DBAD73F2C5}.Release|x86.ActiveCfg = Release|x86
		{5375B1E7-E39A-4C53-B859-80DBAD73F2C5}.Release|x86.Build.0 = Release|x86
		{4F3F2430-581A-E5D5-0686-AAEDE1A5C8D9}.Debug|x64.ActiveCfg = Debug|Any CPU
		{4F3F2430-581A-E5D5-0686-AAEDE1A5C8D9}.Debug|x64.Build.0 = Debug|Any CPU
		{4F3F2430-581A-E5D5-0686-AAEDE1A5C8D9}.Debug|x86.ActiveCfg = Debug|x86
		{4F3F2430-581A-E5D5-0686-AAEDE1A5C8D9}.Debug|x86.Build.0 = Debug|x86
		{4F3F2430-581A-E5D5-0686-AAEDE1A5C8D9}.Release|x64.ActiveCfg = Release|Any CPU
		{4F3F2430-581A-E5D5-0686-AAEDE1A5C8D9}.Release|x64.Build.0 = Release|Any CPU
		{4F3F2430-581A-E5D5-0686-AAEDE1A5C8D9}.Release|x86.ActiveCfg = Release|x86
		{4F3F2430-581A-E5D5-0686-AAEDE1A5C8D9}.Release|x86.Build.0 = Release|x86
	EndGlobalSection
	GlobalSection(SolutionProperties) = preSolution
		HideSolutionNode = FALSE
	EndGlobalSection
	GlobalSection(NestedProjects) = preSolution
		{A86C5A82-EE13-4080-B61A-7748321DA0B0} = {E7AB137C-46AC-4426-9333-2FE746007131}
		{FE6737A8-F52C-4D57-9F68-D630252F55DE} = {E7AB137C-46AC-4426-9333-2FE746007131}
		{BCE9BA49-40F0-4E22-B694-9440DAA2B5FC} = {E7AB137C-46AC-4426-9333-2FE746007131}
		{5375B1E7-E39A-4C53-B859-80DBAD73F2C5} = {BCE9BA49-40F0-4E22-B694-9440DAA2B5FC}
		{4F3F2430-581A-E5D5-0686-AAEDE1A5C8D9} = {E7AB137C-46AC-4426-9333-2FE746007131}
	EndGlobalSection
	GlobalSection(ExtensibilityGlobals) = postSolution
		SolutionGuid = {C2728F69-2568-4205-AA5C-4305C8704C0A}
	EndGlobalSection
EndGlobal
