<?xml version="1.0" encoding="utf-8"?>
<Project ToolsVersion="4.0" xmlns="http://schemas.microsoft.com/developer/msbuild/2003">
  <ItemGroup>
    <Filter Include="Source Files">
      <UniqueIdentifier>{19faa102-7169-4316-8eb6-e4f216f1c759}</UniqueIdentifier>
    </Filter>
    <Filter Include="Generated Files">
      <UniqueIdentifier>{e1f4f7bc-8e57-4ed3-adbd-13bf0d1e2fdb}</UniqueIdentifier>
      <SourceControlFiles>False</SourceControlFiles>
    </Filter>
  </ItemGroup>
  <ItemGroup>
    <None Include="Ssz_DataAccessGrpcClient_OpcServerps.def" />
  </ItemGroup>
  <ItemGroup>
    <ClCompile Include="Ssz_DataAccessGrpcClient_OpcServer_i.c">
      <Filter>Generated Files</Filter>
    </ClCompile>
    <ClCompile Include="Ssz_DataAccessGrpcClient_OpcServer_p.c">
      <Filter>Generated Files</Filter>
    </ClCompile>
    <ClCompile Include="dlldata.c">
      <Filter>Generated Files</Filter>
    </ClCompile>
  </ItemGroup>
</Project>