Microsoft Visual Studio Solution File, Format Version 12.00
# Visual Studio Version 17
VisualStudioVersion = 17.0.31903.59
MinimumVisualStudioVersion = 10.0.40219.1
Project("{9A19103F-16F7-4668-BE54-9A1E7A4F7556}") = "Ssz.Operator.Core", "Ssz.Operator.Core\Ssz.Operator.Core.csproj", "{CBDBA93F-CE9D-42A9-8737-F3D0ED27C586}"
EndProject
Project("{9A19103F-16F7-4668-BE54-9A1E7A4F7556}") = "Ssz.Operator.Design", "Ssz.Operator.Design\Ssz.Operator.Design.csproj", "{D63AE440-C39F-4604-B890-BA5D2648C1E2}"
EndProject
Project("{2150E333-8FDC-42A3-9474-1A3956D46DE8}") = "Ssz", "Ssz", "{AF017A29-4865-4B10-9229-9D6D02A87427}"
EndProject
Project("{9A19103F-16F7-4668-BE54-9A1E7A4F7556}") = "Ssz.Utils", "..\Ssz.Utils\Ssz.Utils.csproj", "{E1929DB3-987E-484A-B1EC-B600143AA27C}"
EndProject
Project("{9A19103F-16F7-4668-BE54-9A1E7A4F7556}") = "Ssz.Utils.Wpf", "..\Ssz.Utils.Wpf\Ssz.Utils.Wpf.csproj", "{4ED7F5BE-3E72-460B-8862-6A3628DF986C}"
EndProject
Project("{9A19103F-16F7-4668-BE54-9A1E7A4F7556}") = "Ssz.Xi.Client", "..\Ssz.Xi.Client\Ssz.Xi.Client.csproj", "{E186C810-6456-4D8D-A3E5-31D3335CAC83}"
EndProject
Project("{9A19103F-16F7-4668-BE54-9A1E7A4F7556}") = "Ssz.DataAccessGrpc.Client", "..\Ssz.DataAccessGrpc.Client\Ssz.DataAccessGrpc.Client.csproj", "{D364EE8E-6E25-45B5-B23F-E6A903702809}"
EndProject
Project("{9A19103F-16F7-4668-BE54-9A1E7A4F7556}") = "Ssz.Operator.Play", "Ssz.Operator.Play\Ssz.Operator.Play.csproj", "{1F7B4B19-8BD4-4558-88C2-7CB3C6D3536D}"
EndProject
Project("{2150E333-8FDC-42A3-9474-1A3956D46DE8}") = "ThirdParties", "ThirdParties", "{ED5AA774-90B6-44CC-B7EF-6FF79FF41075}"
EndProject
Project("{9A19103F-16F7-4668-BE54-9A1E7A4F7556}") = "ControlzEx", "..\ThirdParties\ControlzEx\ControlzEx.csproj", "{A6270D3B-B8A9-4283-9C73-276ED5F6F6D5}"
EndProject
Project("{9A19103F-16F7-4668-BE54-9A1E7A4F7556}") = "Fluent.Ribbon", "..\ThirdParties\Fluent.Ribbon\Fluent.Ribbon.csproj", "{3B2C9BF4-4FBF-4CA5-87C5-730ACAF2D9A4}"
EndProject
Project("{2150E333-8FDC-42A3-9474-1A3956D46DE8}") = "Ssz.Xceed.Wpf.Toolkit", "Ssz.Xceed.Wpf.Toolkit", "{F975DC9C-83A7-44B7-B9C9-4EE5C6170BF2}"
EndProject
Project("{9A19103F-16F7-4668-BE54-9A1E7A4F7556}") = "Ssz.Xceed.Wpf.Toolkit", "..\Ssz.Xceed.Wpf.Toolkit\Ssz.Xceed.Wpf.Toolkit\Ssz.Xceed.Wpf.Toolkit.csproj", "{6778371A-4659-44D2-A51A-F102AB8DE4F7}"
EndProject
Project("{9A19103F-16F7-4668-BE54-9A1E7A4F7556}") = "Ssz.Xceed.Wpf.AvalonDock", "..\Ssz.Xceed.Wpf.Toolkit\Ssz.Xceed.Wpf.AvalonDock\Ssz.Xceed.Wpf.AvalonDock.csproj", "{BC9F0CBD-3D12-4B34-A0E9-F3593A4A9ECF}"
EndProject
Project("{9A19103F-16F7-4668-BE54-9A1E7A4F7556}") = "Ssz.Xceed.Wpf.AvalonDock.Themes.Aero", "..\Ssz.Xceed.Wpf.Toolkit\Ssz.Xceed.Wpf.AvalonDock.Themes.Aero\Ssz.Xceed.Wpf.AvalonDock.Themes.Aero.csproj", "{1DAB5B19-5794-451D-8604-BBC2DEFAD8D7}"
EndProject
Project("{9A19103F-16F7-4668-BE54-9A1E7A4F7556}") = "Ssz.Xceed.Wpf.AvalonDock.Themes.Metro", "..\Ssz.Xceed.Wpf.Toolkit\Ssz.Xceed.Wpf.AvalonDock.Themes.Metro\Ssz.Xceed.Wpf.AvalonDock.Themes.Metro.csproj", "{A31A8AE8-E7C3-4435-B6A6-BCCE943FA33C}"
EndProject
Project("{9A19103F-16F7-4668-BE54-9A1E7A4F7556}") = "Ssz.Xceed.Wpf.AvalonDock.Themes.VS2010", "..\Ssz.Xceed.Wpf.Toolkit\Ssz.Xceed.Wpf.AvalonDock.Themes.VS2010\Ssz.Xceed.Wpf.AvalonDock.Themes.VS2010.csproj", "{411D4B64-AC0B-4D96-8021-C2C9AC69BBE2}"
EndProject
Project("{9A19103F-16F7-4668-BE54-9A1E7A4F7556}") = "Ssz.WindowsAPICodePack", "..\ThirdParties\Ssz.WindowsAPICodePack\Ssz.WindowsAPICodePack.csproj", "{E775A603-A14B-40F6-8FA6-0DF3BE9EABE7}"
EndProject
Project("{9A19103F-16F7-4668-BE54-9A1E7A4F7556}") = "HelixToolkit.Wpf", "..\ThirdParties\HelixToolkit\HelixToolkit.Wpf\HelixToolkit.Wpf.csproj", "{3852EE83-CA95-410C-AB74-716FB4728161}"
EndProject
Project("{9A19103F-16F7-4668-BE54-9A1E7A4F7556}") = "Microsoft.Research.DynamicDataDisplay", "..\ThirdParties\Microsoft.Research.DynamicDataDisplay\Microsoft.Research.DynamicDataDisplay.csproj", "{D6B49905-07B6-42D9-B8F4-E596B4FA3286}"
EndProject
Project("{2150E333-8FDC-42A3-9474-1A3956D46DE8}") = "HelixToolkit", "HelixToolkit", "{C5A15FDD-B7AB-473B-98FB-FEB471D4CDE8}"
EndProject
Project("{D954291E-2A0B-460D-934E-DC6B0785DB48}") = "HelixToolkit.Shared", "..\ThirdParties\HelixToolkit\HelixToolkit.Shared\HelixToolkit.Shared.shproj", "{4EE18E80-7609-4FFF-BD4B-F02728EC0688}"
EndProject
Project("{D954291E-2A0B-460D-934E-DC6B0785DB48}") = "HelixToolkit.Wpf.Shared", "..\ThirdParties\HelixToolkit\HelixToolkit.Wpf.Shared\HelixToolkit.Wpf.Shared.shproj", "{342788CD-C98C-4856-99F3-E38BCEACB2B7}"
EndProject
Project("{9A19103F-16F7-4668-BE54-9A1E7A4F7556}") = "QuickGraph", "..\ThirdParties\QuickGraph\QuickGraph.csproj", "{E8B146EE-C93F-402A-A849-603CEBB34363}"
EndProject
Project("{2150E333-8FDC-42A3-9474-1A3956D46DE8}") = "OxyPlot", "OxyPlot", "{32548440-561E-4807-A293-7679D7EDB149}"
EndProject
Project("{9A19103F-16F7-4668-BE54-9A1E7A4F7556}") = "OxyPlot", "..\ThirdParties\OxyPlot\OxyPlot\OxyPlot.csproj", "{3894EC28-C733-4826-82F3-A01E3EA124ED}"
EndProject
Project("{9A19103F-16F7-4668-BE54-9A1E7A4F7556}") = "OxyPlot.Wpf", "..\ThirdParties\OxyPlot\OxyPlot.Wpf\OxyPlot.Wpf.csproj", "{66A1C89E-1B28-4F4C-A4A9-192E010C2BAE}"
EndProject
Project("{9A19103F-16F7-4668-BE54-9A1E7A4F7556}") = "HtmlAgilityPack", "..\ThirdParties\HtmlAgilityPack\HtmlAgilityPack.csproj", "{607DAE93-A96D-4E6D-AA1F-0E2398CE7397}"
EndProject
Project("{FAE04EC0-301F-11D3-BF4B-00C04F79EFBC}") = "YamlDotNet", "..\ThirdParties\YamlDotNet\YamlDotNet.csproj", "{E12239F4-5926-4082-8E43-7E7081882120}"
EndProject
Global
	GlobalSection(SolutionConfigurationPlatforms) = preSolution
		Debug|Any CPU = Debug|Any CPU
		Debug|x86 = Debug|x86
		Release|Any CPU = Release|Any CPU
		Release|x86 = Release|x86
	EndGlobalSection
	GlobalSection(ProjectConfigurationPlatforms) = postSolution
		{CBDBA93F-CE9D-42A9-8737-F3D0ED27C586}.Debug|Any CPU.ActiveCfg = Debug|Any CPU
		{CBDBA93F-CE9D-42A9-8737-F3D0ED27C586}.Debug|Any CPU.Build.0 = Debug|Any CPU
		{CBDBA93F-CE9D-42A9-8737-F3D0ED27C586}.Debug|x86.ActiveCfg = Debug|Any CPU
		{CBDBA93F-CE9D-42A9-8737-F3D0ED27C586}.Debug|x86.Build.0 = Debug|Any CPU
		{CBDBA93F-CE9D-42A9-8737-F3D0ED27C586}.Release|Any CPU.ActiveCfg = Release|Any CPU
		{CBDBA93F-CE9D-42A9-8737-F3D0ED27C586}.Release|Any CPU.Build.0 = Release|Any CPU
		{CBDBA93F-CE9D-42A9-8737-F3D0ED27C586}.Release|x86.ActiveCfg = Release|Any CPU
		{CBDBA93F-CE9D-42A9-8737-F3D0ED27C586}.Release|x86.Build.0 = Release|Any CPU
		{D63AE440-C39F-4604-B890-BA5D2648C1E2}.Debug|Any CPU.ActiveCfg = Debug|Any CPU
		{D63AE440-C39F-4604-B890-BA5D2648C1E2}.Debug|Any CPU.Build.0 = Debug|Any CPU
		{D63AE440-C39F-4604-B890-BA5D2648C1E2}.Debug|x86.ActiveCfg = Debug|Any CPU
		{D63AE440-C39F-4604-B890-BA5D2648C1E2}.Debug|x86.Build.0 = Debug|Any CPU
		{D63AE440-C39F-4604-B890-BA5D2648C1E2}.Release|Any CPU.ActiveCfg = Release|Any CPU
		{D63AE440-C39F-4604-B890-BA5D2648C1E2}.Release|Any CPU.Build.0 = Release|Any CPU
		{D63AE440-C39F-4604-B890-BA5D2648C1E2}.Release|x86.ActiveCfg = Release|Any CPU
		{D63AE440-C39F-4604-B890-BA5D2648C1E2}.Release|x86.Build.0 = Release|Any CPU
		{E1929DB3-987E-484A-B1EC-B600143AA27C}.Debug|Any CPU.ActiveCfg = Debug|Any CPU
		{E1929DB3-987E-484A-B1EC-B600143AA27C}.Debug|Any CPU.Build.0 = Debug|Any CPU
		{E1929DB3-987E-484A-B1EC-B600143AA27C}.Debug|x86.ActiveCfg = Debug|x86
		{E1929DB3-987E-484A-B1EC-B600143AA27C}.Debug|x86.Build.0 = Debug|x86
		{E1929DB3-987E-484A-B1EC-B600143AA27C}.Release|Any CPU.ActiveCfg = Release|Any CPU
		{E1929DB3-987E-484A-B1EC-B600143AA27C}.Release|Any CPU.Build.0 = Release|Any CPU
		{E1929DB3-987E-484A-B1EC-B600143AA27C}.Release|x86.ActiveCfg = Release|x86
		{E1929DB3-987E-484A-B1EC-B600143AA27C}.Release|x86.Build.0 = Release|x86
		{4ED7F5BE-3E72-460B-8862-6A3628DF986C}.Debug|Any CPU.ActiveCfg = Debug|Any CPU
		{4ED7F5BE-3E72-460B-8862-6A3628DF986C}.Debug|Any CPU.Build.0 = Debug|Any CPU
		{4ED7F5BE-3E72-460B-8862-6A3628DF986C}.Debug|x86.ActiveCfg = Debug|Any CPU
		{4ED7F5BE-3E72-460B-8862-6A3628DF986C}.Debug|x86.Build.0 = Debug|Any CPU
		{4ED7F5BE-3E72-460B-8862-6A3628DF986C}.Release|Any CPU.ActiveCfg = Release|Any CPU
		{4ED7F5BE-3E72-460B-8862-6A3628DF986C}.Release|Any CPU.Build.0 = Release|Any CPU
		{4ED7F5BE-3E72-460B-8862-6A3628DF986C}.Release|x86.ActiveCfg = Release|Any CPU
		{4ED7F5BE-3E72-460B-8862-6A3628DF986C}.Release|x86.Build.0 = Release|Any CPU
		{E186C810-6456-4D8D-A3E5-31D3335CAC83}.Debug|Any CPU.ActiveCfg = Debug|Any CPU
		{E186C810-6456-4D8D-A3E5-31D3335CAC83}.Debug|Any CPU.Build.0 = Debug|Any CPU
		{E186C810-6456-4D8D-A3E5-31D3335CAC83}.Debug|x86.ActiveCfg = Debug|x86
		{E186C810-6456-4D8D-A3E5-31D3335CAC83}.Debug|x86.Build.0 = Debug|x86
		{E186C810-6456-4D8D-A3E5-31D3335CAC83}.Release|Any CPU.ActiveCfg = Release|Any CPU
		{E186C810-6456-4D8D-A3E5-31D3335CAC83}.Release|Any CPU.Build.0 = Release|Any CPU
		{E186C810-6456-4D8D-A3E5-31D3335CAC83}.Release|x86.ActiveCfg = Release|x86
		{E186C810-6456-4D8D-A3E5-31D3335CAC83}.Release|x86.Build.0 = Release|x86
		{D364EE8E-6E25-45B5-B23F-E6A903702809}.Debug|Any CPU.ActiveCfg = Debug|Any CPU
		{D364EE8E-6E25-45B5-B23F-E6A903702809}.Debug|Any CPU.Build.0 = Debug|Any CPU
		{D364EE8E-6E25-45B5-B23F-E6A903702809}.Debug|x86.ActiveCfg = Debug|x86
		{D364EE8E-6E25-45B5-B23F-E6A903702809}.Debug|x86.Build.0 = Debug|x86
		{D364EE8E-6E25-45B5-B23F-E6A903702809}.Release|Any CPU.ActiveCfg = Release|Any CPU
		{D364EE8E-6E25-45B5-B23F-E6A903702809}.Release|Any CPU.Build.0 = Release|Any CPU
		{D364EE8E-6E25-45B5-B23F-E6A903702809}.Release|x86.ActiveCfg = Release|x86
		{D364EE8E-6E25-45B5-B23F-E6A903702809}.Release|x86.Build.0 = Release|x86
		{1F7B4B19-8BD4-4558-88C2-7CB3C6D3536D}.Debug|Any CPU.ActiveCfg = Debug|Any CPU
		{1F7B4B19-8BD4-4558-88C2-7CB3C6D3536D}.Debug|Any CPU.Build.0 = Debug|Any CPU
		{1F7B4B19-8BD4-4558-88C2-7CB3C6D3536D}.Debug|x86.ActiveCfg = Debug|Any CPU
		{1F7B4B19-8BD4-4558-88C2-7CB3C6D3536D}.Debug|x86.Build.0 = Debug|Any CPU
		{1F7B4B19-8BD4-4558-88C2-7CB3C6D3536D}.Release|Any CPU.ActiveCfg = Release|Any CPU
		{1F7B4B19-8BD4-4558-88C2-7CB3C6D3536D}.Release|Any CPU.Build.0 = Release|Any CPU
		{1F7B4B19-8BD4-4558-88C2-7CB3C6D3536D}.Release|x86.ActiveCfg = Release|Any CPU
		{1F7B4B19-8BD4-4558-88C2-7CB3C6D3536D}.Release|x86.Build.0 = Release|Any CPU
		{A6270D3B-B8A9-4283-9C73-276ED5F6F6D5}.Debug|Any CPU.ActiveCfg = Debug|Any CPU
		{A6270D3B-B8A9-4283-9C73-276ED5F6F6D5}.Debug|Any CPU.Build.0 = Debug|Any CPU
		{A6270D3B-B8A9-4283-9C73-276ED5F6F6D5}.Debug|x86.ActiveCfg = Debug|Any CPU
		{A6270D3B-B8A9-4283-9C73-276ED5F6F6D5}.Debug|x86.Build.0 = Debug|Any CPU
		{A6270D3B-B8A9-4283-9C73-276ED5F6F6D5}.Release|Any CPU.ActiveCfg = Release|Any CPU
		{A6270D3B-B8A9-4283-9C73-276ED5F6F6D5}.Release|Any CPU.Build.0 = Release|Any CPU
		{A6270D3B-B8A9-4283-9C73-276ED5F6F6D5}.Release|x86.ActiveCfg = Release|Any CPU
		{A6270D3B-B8A9-4283-9C73-276ED5F6F6D5}.Release|x86.Build.0 = Release|Any CPU
		{3B2C9BF4-4FBF-4CA5-87C5-730ACAF2D9A4}.Debug|Any CPU.ActiveCfg = Debug|Any CPU
		{3B2C9BF4-4FBF-4CA5-87C5-730ACAF2D9A4}.Debug|Any CPU.Build.0 = Debug|Any CPU
		{3B2C9BF4-4FBF-4CA5-87C5-730ACAF2D9A4}.Debug|x86.ActiveCfg = Debug|Any CPU
		{3B2C9BF4-4FBF-4CA5-87C5-730ACAF2D9A4}.Debug|x86.Build.0 = Debug|Any CPU
		{3B2C9BF4-4FBF-4CA5-87C5-730ACAF2D9A4}.Release|Any CPU.ActiveCfg = Release|Any CPU
		{3B2C9BF4-4FBF-4CA5-87C5-730ACAF2D9A4}.Release|Any CPU.Build.0 = Release|Any CPU
		{3B2C9BF4-4FBF-4CA5-87C5-730ACAF2D9A4}.Release|x86.ActiveCfg = Release|Any CPU
		{3B2C9BF4-4FBF-4CA5-87C5-730ACAF2D9A4}.Release|x86.Build.0 = Release|Any CPU
		{6778371A-4659-44D2-A51A-F102AB8DE4F7}.Debug|Any CPU.ActiveCfg = Debug|Any CPU
		{6778371A-4659-44D2-A51A-F102AB8DE4F7}.Debug|Any CPU.Build.0 = Debug|Any CPU
		{6778371A-4659-44D2-A51A-F102AB8DE4F7}.Debug|x86.ActiveCfg = Debug|Any CPU
		{6778371A-4659-44D2-A51A-F102AB8DE4F7}.Debug|x86.Build.0 = Debug|Any CPU
		{6778371A-4659-44D2-A51A-F102AB8DE4F7}.Release|Any CPU.ActiveCfg = Release|Any CPU
		{6778371A-4659-44D2-A51A-F102AB8DE4F7}.Release|Any CPU.Build.0 = Release|Any CPU
		{6778371A-4659-44D2-A51A-F102AB8DE4F7}.Release|x86.ActiveCfg = Release|Any CPU
		{6778371A-4659-44D2-A51A-F102AB8DE4F7}.Release|x86.Build.0 = Release|Any CPU
		{BC9F0CBD-3D12-4B34-A0E9-F3593A4A9ECF}.Debug|Any CPU.ActiveCfg = Debug|Any CPU
		{BC9F0CBD-3D12-4B34-A0E9-F3593A4A9ECF}.Debug|Any CPU.Build.0 = Debug|Any CPU
		{BC9F0CBD-3D12-4B34-A0E9-F3593A4A9ECF}.Debug|x86.ActiveCfg = Debug|Any CPU
		{BC9F0CBD-3D12-4B34-A0E9-F3593A4A9ECF}.Debug|x86.Build.0 = Debug|Any CPU
		{BC9F0CBD-3D12-4B34-A0E9-F3593A4A9ECF}.Release|Any CPU.ActiveCfg = Release|Any CPU
		{BC9F0CBD-3D12-4B34-A0E9-F3593A4A9ECF}.Release|Any CPU.Build.0 = Release|Any CPU
		{BC9F0CBD-3D12-4B34-A0E9-F3593A4A9ECF}.Release|x86.ActiveCfg = Release|Any CPU
		{BC9F0CBD-3D12-4B34-A0E9-F3593A4A9ECF}.Release|x86.Build.0 = Release|Any CPU
		{1DAB5B19-5794-451D-8604-BBC2DEFAD8D7}.Debug|Any CPU.ActiveCfg = Debug|Any CPU
		{1DAB5B19-5794-451D-8604-BBC2DEFAD8D7}.Debug|Any CPU.Build.0 = Debug|Any CPU
		{1DAB5B19-5794-451D-8604-BBC2DEFAD8D7}.Debug|x86.ActiveCfg = Debug|Any CPU
		{1DAB5B19-5794-451D-8604-BBC2DEFAD8D7}.Debug|x86.Build.0 = Debug|Any CPU
		{1DAB5B19-5794-451D-8604-BBC2DEFAD8D7}.Release|Any CPU.ActiveCfg = Release|Any CPU
		{1DAB5B19-5794-451D-8604-BBC2DEFAD8D7}.Release|Any CPU.Build.0 = Release|Any CPU
		{1DAB5B19-5794-451D-8604-BBC2DEFAD8D7}.Release|x86.ActiveCfg = Release|Any CPU
		{1DAB5B19-5794-451D-8604-BBC2DEFAD8D7}.Release|x86.Build.0 = Release|Any CPU
		{A31A8AE8-E7C3-4435-B6A6-BCCE943FA33C}.Debug|Any CPU.ActiveCfg = Debug|Any CPU
		{A31A8AE8-E7C3-4435-B6A6-BCCE943FA33C}.Debug|Any CPU.Build.0 = Debug|Any CPU
		{A31A8AE8-E7C3-4435-B6A6-BCCE943FA33C}.Debug|x86.ActiveCfg = Debug|Any CPU
		{A31A8AE8-E7C3-4435-B6A6-BCCE943FA33C}.Debug|x86.Build.0 = Debug|Any CPU
		{A31A8AE8-E7C3-4435-B6A6-BCCE943FA33C}.Release|Any CPU.ActiveCfg = Release|Any CPU
		{A31A8AE8-E7C3-4435-B6A6-BCCE943FA33C}.Release|Any CPU.Build.0 = Release|Any CPU
		{A31A8AE8-E7C3-4435-B6A6-BCCE943FA33C}.Release|x86.ActiveCfg = Release|Any CPU
		{A31A8AE8-E7C3-4435-B6A6-BCCE943FA33C}.Release|x86.Build.0 = Release|Any CPU
		{411D4B64-AC0B-4D96-8021-C2C9AC69BBE2}.Debug|Any CPU.ActiveCfg = Debug|Any CPU
		{411D4B64-AC0B-4D96-8021-C2C9AC69BBE2}.Debug|Any CPU.Build.0 = Debug|Any CPU
		{411D4B64-AC0B-4D96-8021-C2C9AC69BBE2}.Debug|x86.ActiveCfg = Debug|Any CPU
		{411D4B64-AC0B-4D96-8021-C2C9AC69BBE2}.Debug|x86.Build.0 = Debug|Any CPU
		{411D4B64-AC0B-4D96-8021-C2C9AC69BBE2}.Release|Any CPU.ActiveCfg = Release|Any CPU
		{411D4B64-AC0B-4D96-8021-C2C9AC69BBE2}.Release|Any CPU.Build.0 = Release|Any CPU
		{411D4B64-AC0B-4D96-8021-C2C9AC69BBE2}.Release|x86.ActiveCfg = Release|Any CPU
		{411D4B64-AC0B-4D96-8021-C2C9AC69BBE2}.Release|x86.Build.0 = Release|Any CPU
		{E775A603-A14B-40F6-8FA6-0DF3BE9EABE7}.Debug|Any CPU.ActiveCfg = Debug|Any CPU
		{E775A603-A14B-40F6-8FA6-0DF3BE9EABE7}.Debug|Any CPU.Build.0 = Debug|Any CPU
		{E775A603-A14B-40F6-8FA6-0DF3BE9EABE7}.Debug|x86.ActiveCfg = Debug|Any CPU
		{E775A603-A14B-40F6-8FA6-0DF3BE9EABE7}.Debug|x86.Build.0 = Debug|Any CPU
		{E775A603-A14B-40F6-8FA6-0DF3BE9EABE7}.Release|Any CPU.ActiveCfg = Release|Any CPU
		{E775A603-A14B-40F6-8FA6-0DF3BE9EABE7}.Release|Any CPU.Build.0 = Release|Any CPU
		{E775A603-A14B-40F6-8FA6-0DF3BE9EABE7}.Release|x86.ActiveCfg = Release|Any CPU
		{E775A603-A14B-40F6-8FA6-0DF3BE9EABE7}.Release|x86.Build.0 = Release|Any CPU
		{3852EE83-CA95-410C-AB74-716FB4728161}.Debug|Any CPU.ActiveCfg = Debug|Any CPU
		{3852EE83-CA95-410C-AB74-716FB4728161}.Debug|Any CPU.Build.0 = Debug|Any CPU
		{3852EE83-CA95-410C-AB74-716FB4728161}.Debug|x86.ActiveCfg = Debug|Any CPU
		{3852EE83-CA95-410C-AB74-716FB4728161}.Debug|x86.Build.0 = Debug|Any CPU
		{3852EE83-CA95-410C-AB74-716FB4728161}.Release|Any CPU.ActiveCfg = Release|Any CPU
		{3852EE83-CA95-410C-AB74-716FB4728161}.Release|Any CPU.Build.0 = Release|Any CPU
		{3852EE83-CA95-410C-AB74-716FB4728161}.Release|x86.ActiveCfg = Release|Any CPU
		{3852EE83-CA95-410C-AB74-716FB4728161}.Release|x86.Build.0 = Release|Any CPU
		{D6B49905-07B6-42D9-B8F4-E596B4FA3286}.Debug|Any CPU.ActiveCfg = Debug|Any CPU
		{D6B49905-07B6-42D9-B8F4-E596B4FA3286}.Debug|Any CPU.Build.0 = Debug|Any CPU
		{D6B49905-07B6-42D9-B8F4-E596B4FA3286}.Debug|x86.ActiveCfg = Debug|Any CPU
		{D6B49905-07B6-42D9-B8F4-E596B4FA3286}.Debug|x86.Build.0 = Debug|Any CPU
		{D6B49905-07B6-42D9-B8F4-E596B4FA3286}.Release|Any CPU.ActiveCfg = Release|Any CPU
		{D6B49905-07B6-42D9-B8F4-E596B4FA3286}.Release|Any CPU.Build.0 = Release|Any CPU
		{D6B49905-07B6-42D9-B8F4-E596B4FA3286}.Release|x86.ActiveCfg = Release|Any CPU
		{D6B49905-07B6-42D9-B8F4-E596B4FA3286}.Release|x86.Build.0 = Release|Any CPU
		{E8B146EE-C93F-402A-A849-603CEBB34363}.Debug|Any CPU.ActiveCfg = Debug|Any CPU
		{E8B146EE-C93F-402A-A849-603CEBB34363}.Debug|Any CPU.Build.0 = Debug|Any CPU
		{E8B146EE-C93F-402A-A849-603CEBB34363}.Debug|x86.ActiveCfg = Debug|Any CPU
		{E8B146EE-C93F-402A-A849-603CEBB34363}.Debug|x86.Build.0 = Debug|Any CPU
		{E8B146EE-C93F-402A-A849-603CEBB34363}.Release|Any CPU.ActiveCfg = Release|Any CPU
		{E8B146EE-C93F-402A-A849-603CEBB34363}.Release|Any CPU.Build.0 = Release|Any CPU
		{E8B146EE-C93F-402A-A849-603CEBB34363}.Release|x86.ActiveCfg = Release|Any CPU
		{E8B146EE-C93F-402A-A849-603CEBB34363}.Release|x86.Build.0 = Release|Any CPU
		{3894EC28-C733-4826-82F3-A01E3EA124ED}.Debug|Any CPU.ActiveCfg = Debug|Any CPU
		{3894EC28-C733-4826-82F3-A01E3EA124ED}.Debug|Any CPU.Build.0 = Debug|Any CPU
		{3894EC28-C733-4826-82F3-A01E3EA124ED}.Debug|x86.ActiveCfg = Debug|Any CPU
		{3894EC28-C733-4826-82F3-A01E3EA124ED}.Debug|x86.Build.0 = Debug|Any CPU
		{3894EC28-C733-4826-82F3-A01E3EA124ED}.Release|Any CPU.ActiveCfg = Release|Any CPU
		{3894EC28-C733-4826-82F3-A01E3EA124ED}.Release|Any CPU.Build.0 = Release|Any CPU
		{3894EC28-C733-4826-82F3-A01E3EA124ED}.Release|x86.ActiveCfg = Release|Any CPU
		{3894EC28-C733-4826-82F3-A01E3EA124ED}.Release|x86.Build.0 = Release|Any CPU
		{66A1C89E-1B28-4F4C-A4A9-192E010C2BAE}.Debug|Any CPU.ActiveCfg = Debug|Any CPU
		{66A1C89E-1B28-4F4C-A4A9-192E010C2BAE}.Debug|Any CPU.Build.0 = Debug|Any CPU
		{66A1C89E-1B28-4F4C-A4A9-192E010C2BAE}.Debug|x86.ActiveCfg = Debug|Any CPU
		{66A1C89E-1B28-4F4C-A4A9-192E010C2BAE}.Debug|x86.Build.0 = Debug|Any CPU
		{66A1C89E-1B28-4F4C-A4A9-192E010C2BAE}.Release|Any CPU.ActiveCfg = Release|Any CPU
		{66A1C89E-1B28-4F4C-A4A9-192E010C2BAE}.Release|Any CPU.Build.0 = Release|Any CPU
		{66A1C89E-1B28-4F4C-A4A9-192E010C2BAE}.Release|x86.ActiveCfg = Release|Any CPU
		{66A1C89E-1B28-4F4C-A4A9-192E010C2BAE}.Release|x86.Build.0 = Release|Any CPU
		{607DAE93-A96D-4E6D-AA1F-0E2398CE7397}.Debug|Any CPU.ActiveCfg = Debug|Any CPU
		{607DAE93-A96D-4E6D-AA1F-0E2398CE7397}.Debug|Any CPU.Build.0 = Debug|Any CPU
		{607DAE93-A96D-4E6D-AA1F-0E2398CE7397}.Debug|x86.ActiveCfg = Debug|Any CPU
		{607DAE93-A96D-4E6D-AA1F-0E2398CE7397}.Debug|x86.Build.0 = Debug|Any CPU
		{607DAE93-A96D-4E6D-AA1F-0E2398CE7397}.Release|Any CPU.ActiveCfg = Release|Any CPU
		{607DAE93-A96D-4E6D-AA1F-0E2398CE7397}.Release|Any CPU.Build.0 = Release|Any CPU
		{607DAE93-A96D-4E6D-AA1F-0E2398CE7397}.Release|x86.ActiveCfg = Release|Any CPU
		{607DAE93-A96D-4E6D-AA1F-0E2398CE7397}.Release|x86.Build.0 = Release|Any CPU
		{E12239F4-5926-4082-8E43-7E7081882120}.Debug|Any CPU.ActiveCfg = Debug|Any CPU
		{E12239F4-5926-4082-8E43-7E7081882120}.Debug|Any CPU.Build.0 = Debug|Any CPU
		{E12239F4-5926-4082-8E43-7E7081882120}.Debug|x86.ActiveCfg = Debug|x86
		{E12239F4-5926-4082-8E43-7E7081882120}.Debug|x86.Build.0 = Debug|x86
		{E12239F4-5926-4082-8E43-7E7081882120}.Release|Any CPU.ActiveCfg = Release|Any CPU
		{E12239F4-5926-4082-8E43-7E7081882120}.Release|Any CPU.Build.0 = Release|Any CPU
		{E12239F4-5926-4082-8E43-7E7081882120}.Release|x86.ActiveCfg = Release|x86
		{E12239F4-5926-4082-8E43-7E7081882120}.Release|x86.Build.0 = Release|x86
	EndGlobalSection
	GlobalSection(SolutionProperties) = preSolution
		HideSolutionNode = FALSE
	EndGlobalSection
	GlobalSection(NestedProjects) = preSolution
		{E1929DB3-987E-484A-B1EC-B600143AA27C} = {AF017A29-4865-4B10-9229-9D6D02A87427}
		{4ED7F5BE-3E72-460B-8862-6A3628DF986C} = {AF017A29-4865-4B10-9229-9D6D02A87427}
		{E186C810-6456-4D8D-A3E5-31D3335CAC83} = {AF017A29-4865-4B10-9229-9D6D02A87427}
		{D364EE8E-6E25-45B5-B23F-E6A903702809} = {AF017A29-4865-4B10-9229-9D6D02A87427}
		{ED5AA774-90B6-44CC-B7EF-6FF79FF41075} = {AF017A29-4865-4B10-9229-9D6D02A87427}
		{A6270D3B-B8A9-4283-9C73-276ED5F6F6D5} = {ED5AA774-90B6-44CC-B7EF-6FF79FF41075}
		{3B2C9BF4-4FBF-4CA5-87C5-730ACAF2D9A4} = {ED5AA774-90B6-44CC-B7EF-6FF79FF41075}
		{F975DC9C-83A7-44B7-B9C9-4EE5C6170BF2} = {AF017A29-4865-4B10-9229-9D6D02A87427}
		{6778371A-4659-44D2-A51A-F102AB8DE4F7} = {F975DC9C-83A7-44B7-B9C9-4EE5C6170BF2}
		{BC9F0CBD-3D12-4B34-A0E9-F3593A4A9ECF} = {F975DC9C-83A7-44B7-B9C9-4EE5C6170BF2}
		{1DAB5B19-5794-451D-8604-BBC2DEFAD8D7} = {F975DC9C-83A7-44B7-B9C9-4EE5C6170BF2}
		{A31A8AE8-E7C3-4435-B6A6-BCCE943FA33C} = {F975DC9C-83A7-44B7-B9C9-4EE5C6170BF2}
		{411D4B64-AC0B-4D96-8021-C2C9AC69BBE2} = {F975DC9C-83A7-44B7-B9C9-4EE5C6170BF2}
		{E775A603-A14B-40F6-8FA6-0DF3BE9EABE7} = {ED5AA774-90B6-44CC-B7EF-6FF79FF41075}
		{3852EE83-CA95-410C-AB74-716FB4728161} = {C5A15FDD-B7AB-473B-98FB-FEB471D4CDE8}
		{D6B49905-07B6-42D9-B8F4-E596B4FA3286} = {ED5AA774-90B6-44CC-B7EF-6FF79FF41075}
		{C5A15FDD-B7AB-473B-98FB-FEB471D4CDE8} = {ED5AA774-90B6-44CC-B7EF-6FF79FF41075}
		{4EE18E80-7609-4FFF-BD4B-F02728EC0688} = {C5A15FDD-B7AB-473B-98FB-FEB471D4CDE8}
		{342788CD-C98C-4856-99F3-E38BCEACB2B7} = {C5A15FDD-B7AB-473B-98FB-FEB471D4CDE8}
		{E8B146EE-C93F-402A-A849-603CEBB34363} = {ED5AA774-90B6-44CC-B7EF-6FF79FF41075}
		{32548440-561E-4807-A293-7679D7EDB149} = {ED5AA774-90B6-44CC-B7EF-6FF79FF41075}
		{3894EC28-C733-4826-82F3-A01E3EA124ED} = {32548440-561E-4807-A293-7679D7EDB149}
		{66A1C89E-1B28-4F4C-A4A9-192E010C2BAE} = {32548440-561E-4807-A293-7679D7EDB149}
		{607DAE93-A96D-4E6D-AA1F-0E2398CE7397} = {ED5AA774-90B6-44CC-B7EF-6FF79FF41075}
		{E12239F4-5926-4082-8E43-7E7081882120} = {ED5AA774-90B6-44CC-B7EF-6FF79FF41075}
	EndGlobalSection
	GlobalSection(ExtensibilityGlobals) = postSolution
		SolutionGuid = {40CF3EFB-5D41-44FA-942E-A65FE44E86D5}
	EndGlobalSection
	GlobalSection(SharedMSBuildProjectFiles) = preSolution
		..\ThirdParties\HelixToolkit\HelixToolkit.Wpf.Shared\HelixToolkit.Wpf.Shared.projitems*{342788cd-c98c-4856-99f3-e38bceacb2b7}*SharedItemsImports = 13
		..\ThirdParties\HelixToolkit\HelixToolkit.Shared\HelixToolkit.Shared.projitems*{3852ee83-ca95-410c-ab74-716fb4728161}*SharedItemsImports = 5
		..\ThirdParties\HelixToolkit\HelixToolkit.Wpf.Shared\HelixToolkit.Wpf.Shared.projitems*{3852ee83-ca95-410c-ab74-716fb4728161}*SharedItemsImports = 5
		..\ThirdParties\HelixToolkit\HelixToolkit.Shared\HelixToolkit.Shared.projitems*{4ee18e80-7609-4fff-bd4b-f02728ec0688}*SharedItemsImports = 13
	EndGlobalSection
EndGlobal
